{
  "originHash" : "524fa50f63a0dd87b46b66a9f090c18ca61d721021d0c3b900d52988e7d3268d",
  "pins" : [
    {
      "identity" : "carekit",
      "kind" : "remoteSourceControl",
      "location" : "https://github.com/cbaker6/CareKit.git",
      "state" : {
        "revision" : "482e0b34b4116158178cd8f368aeedcb1c8c2b81",
        "version" : "3.0.0-beta.15"
      }
    },
    {
      "identity" : "carekitessentials",
      "kind" : "remoteSourceControl",
      "location" : "https://github.com/netreconlab/CareKitEssentials",
      "state" : {
        "revision" : "02ea2bb43ae076f647c80d8045da7ea698749649",
        "version" : "1.0.0-alpha.19"
      }
    },
    {
      "identity" : "fhirmodels",
      "kind" : "remoteSourceControl",
      "location" : "https://github.com/apple/FHIRModels.git",
      "state" : {
        "revision" : "861afd5816a98d38f86220eab2f812d76cad84a0",
        "version" : "0.5.0"
      }
    },
    {
      "identity" : "parse-swift",
      "kind" : "remoteSourceControl",
      "location" : "https://github.com/netreconlab/Parse-Swift.git",
      "state" : {
        "revision" : "3f02f591398d6cf6467ecc8ced1e45f5714aa868",
        "version" : "5.11.3"
      }
    },
    {
      "identity" : "parsecarekit",
      "kind" : "remoteSourceControl",
      "location" : "https://github.com/netreconlab/ParseCareKit.git",
      "state" : {
        "revision" : "4a87f02ec46bd7defde33738d91d770a323758d0",
        "version" : "1.0.0-beta.6"
      }
    },
    {
      "identity" : "swift-async-algorithms",
      "kind" : "remoteSourceControl",
      "location" : "https://github.com/apple/swift-async-algorithms",
      "state" : {
        "revision" : "6ae9a051f76b81cc668305ceed5b0e0a7fd93d20",
        "version" : "1.0.1"
      }
    },
    {
      "identity" : "swift-collections",
      "kind" : "remoteSourceControl",
      "location" : "https://github.com/apple/swift-collections.git",
      "state" : {
        "revision" : "671108c96644956dddcd89dd59c203dcdb36cec7",
        "version" : "1.1.4"
      }
    }
  ],
  "version" : 3
}
