{
  "originHash" : "524fa50f63a0dd87b46b66a9f090c18ca61d721021d0c3b900d52988e7d3268d",
  "pins" : [
    {
      "identity" : "carekit",
      "kind" : "remoteSourceControl",
      "location" : "https://github.com/cbaker6/CareKit.git",
      "state" : {
        "revision" : "cde647c8281c5a7f2dee1a91b61df18b438bf8c0",
        "version" : "3.0.0-beta.45"
      }
    },
    {
      "identity" : "carekitessentials",
      "kind" : "remoteSourceControl",
      "location" : "https://github.com/netreconlab/CareKitEssentials",
      "state" : {
        "revision" : "695a8d3c4d6e9a04bc771d2c55bb1696cc525dca",
        "version" : "1.0.0-alpha.52"
      }
    },
    {
      "identity" : "fhirmodels",
      "kind" : "remoteSourceControl",
      "location" : "https://github.com/apple/FHIRModels.git",
      "state" : {
        "revision" : "ee8b55c245e92389e05b0a56ad2b84d37c1985e5",
        "version" : "0.6.1"
      }
    },
    {
      "identity" : "parse-swift",
      "kind" : "remoteSourceControl",
      "location" : "https://github.com/netreconlab/Parse-Swift.git",
      "state" : {
        "revision" : "c9d8c954f4c6d0119e43db26de1f21132ac2a1ff",
        "version" : "5.12.2"
      }
    },
    {
      "identity" : "parsecarekit",
      "kind" : "remoteSourceControl",
      "location" : "https://github.com/netreconlab/ParseCareKit.git",
      "state" : {
        "revision" : "2e7d27f54d43a6a924232ccd0accae14c0179a9f",
        "version" : "1.0.0-beta.9"
      }
    },
    {
      "identity" : "swift-async-algorithms",
      "kind" : "remoteSourceControl",
      "location" : "https://github.com/apple/swift-async-algorithms",
      "state" : {
        "revision" : "4c3ea81f81f0a25d0470188459c6d4bf20cf2f97",
        "version" : "1.0.3"
      }
    },
    {
      "identity" : "swift-collections",
      "kind" : "remoteSourceControl",
      "location" : "https://github.com/apple/swift-collections.git",
      "state" : {
        "revision" : "671108c96644956dddcd89dd59c203dcdb36cec7",
        "version" : "1.1.4"
      }
    }
  ],
  "version" : 3
}
