// !$*UTF8*$!
{
	archiveVersion = 1;
	classes = {
	};
	objectVersion = 52;
	objects = {

/* Begin PBXBuildFile section */
		03F0600A2331946600CCE09B /* SceneDelegate.swift in Sources */ = {isa = PBXBuildFile; fileRef = 03F060092331946600CCE09B /* SceneDelegate.swift */; };
		5173CB8A23C3A846007655A0 /* OCKSampleUITests.swift in Sources */ = {isa = PBXBuildFile; fileRef = 5173CB8923C3A846007655A0 /* OCKSampleUITests.swift */; };
		70077597252228E900EC0EDA /* ParseObjects.swift in Sources */ = {isa = PBXBuildFile; fileRef = 70077596252228E900EC0EDA /* ParseObjects.swift */; };
		7007759B252229C900EC0EDA /* ParseObjects.swift in Sources */ = {isa = PBXBuildFile; fileRef = 70077596252228E900EC0EDA /* ParseObjects.swift */; };
		70308886258273D400FFABB6 /* Login.swift in Sources */ = {isa = PBXBuildFile; fileRef = 70308885258273D400FFABB6 /* Login.swift */; };
		7030889A2582995200FFABB6 /* Constants.swift in Sources */ = {isa = PBXBuildFile; fileRef = 703088992582995200FFABB6 /* Constants.swift */; };
		7036E4BF256DA089006E9A3C /* Login.swift in Sources */ = {isa = PBXBuildFile; fileRef = 7036E4BE256DA089006E9A3C /* Login.swift */; };
		7036E4C4256E0A48006E9A3C /* CareView.swift in Sources */ = {isa = PBXBuildFile; fileRef = 7036E4C3256E0A48006E9A3C /* CareView.swift */; };
		7036E4C9256E1A6F006E9A3C /* ProfileView.swift in Sources */ = {isa = PBXBuildFile; fileRef = 7036E4C8256E1A6F006E9A3C /* ProfileView.swift */; };
		7036E4CE256E9A0C006E9A3C /* ContactView.swift in Sources */ = {isa = PBXBuildFile; fileRef = 7036E4CD256E9A0C006E9A3C /* ContactView.swift */; };
		7036E4D3256EBE35006E9A3C /* MainView.swift in Sources */ = {isa = PBXBuildFile; fileRef = 7036E4D2256EBE35006E9A3C /* MainView.swift */; };
		7036E517256F2413006E9A3C /* Profile.swift in Sources */ = {isa = PBXBuildFile; fileRef = 7036E516256F2413006E9A3C /* Profile.swift */; };
		7036E64025717F85006E9A3C /* Constants.swift in Sources */ = {isa = PBXBuildFile; fileRef = 7036E63F25717F85006E9A3C /* Constants.swift */; };
		707CC714254DA91900116728 /* Localizable.strings in Resources */ = {isa = PBXBuildFile; fileRef = 707CC70F254DA91900116728 /* Localizable.strings */; };
		707CC715254DA91900116728 /* Localizable.strings in Resources */ = {isa = PBXBuildFile; fileRef = 707CC70F254DA91900116728 /* Localizable.strings */; };
		707CC716254DA91900116728 /* Localizable.stringsdict in Resources */ = {isa = PBXBuildFile; fileRef = 707CC711254DA91900116728 /* Localizable.stringsdict */; };
		707CC717254DA91900116728 /* Localizable.stringsdict in Resources */ = {isa = PBXBuildFile; fileRef = 707CC711254DA91900116728 /* Localizable.stringsdict */; };
		707CC718254DA91900116728 /* OCKLocalization.swift in Sources */ = {isa = PBXBuildFile; fileRef = 707CC713254DA91900116728 /* OCKLocalization.swift */; };
		707CC719254DA91900116728 /* OCKLocalization.swift in Sources */ = {isa = PBXBuildFile; fileRef = 707CC713254DA91900116728 /* OCKLocalization.swift */; };
		70A7941125C3445D0003F0FF /* ParseCareKit in Frameworks */ = {isa = PBXBuildFile; productRef = 70A7941025C3445D0003F0FF /* ParseCareKit */; };
		70A7941B25C344790003F0FF /* ParseCareKit in Frameworks */ = {isa = PBXBuildFile; productRef = 70A7941A25C344790003F0FF /* ParseCareKit */; };
		70BACDF225E4180600AD49DF /* CareKitFHIR in Frameworks */ = {isa = PBXBuildFile; productRef = 70BACDF125E4180600AD49DF /* CareKitFHIR */; };
		70BACDF425E4180600AD49DF /* CareKit in Frameworks */ = {isa = PBXBuildFile; productRef = 70BACDF325E4180600AD49DF /* CareKit */; };
		70BACDF625E4180600AD49DF /* CareKitUI in Frameworks */ = {isa = PBXBuildFile; productRef = 70BACDF525E4180600AD49DF /* CareKitUI */; };
		70BACDFB25E4181700AD49DF /* CareKit in Frameworks */ = {isa = PBXBuildFile; productRef = 70BACDFA25E4181700AD49DF /* CareKit */; };
		70DFD80B2567074500B9DB12 /* LoginView.swift in Sources */ = {isa = PBXBuildFile; fileRef = 70BD2B1E254B44DB0030B424 /* LoginView.swift */; };
		91AD922224A45A3900925D4D /* ParseCareKit.plist in Resources */ = {isa = PBXBuildFile; fileRef = 91AD922124A45A3900925D4D /* ParseCareKit.plist */; };
		91AD922424A461D200925D4D /* README.md in Resources */ = {isa = PBXBuildFile; fileRef = 91AD922324A461D200925D4D /* README.md */; };
		91AD922B24A4C42B00925D4D /* Interface.storyboard in Resources */ = {isa = PBXBuildFile; fileRef = 91AD922924A4C42B00925D4D /* Interface.storyboard */; };
		91AD922D24A4C42D00925D4D /* Assets.xcassets in Resources */ = {isa = PBXBuildFile; fileRef = 91AD922C24A4C42D00925D4D /* Assets.xcassets */; };
		91AD923424A4C42D00925D4D /* OCKWatchSample Extension.appex in Embed App Extensions */ = {isa = PBXBuildFile; fileRef = 91AD923324A4C42D00925D4D /* OCKWatchSample Extension.appex */; settings = {ATTRIBUTES = (RemoveHeadersOnCopy, ); }; };
		91AD923924A4C42D00925D4D /* HostingController.swift in Sources */ = {isa = PBXBuildFile; fileRef = 91AD923824A4C42D00925D4D /* HostingController.swift */; };
		91AD923B24A4C42D00925D4D /* CareView.swift in Sources */ = {isa = PBXBuildFile; fileRef = 91AD923A24A4C42D00925D4D /* CareView.swift */; };
		91AD923D24A4C42D00925D4D /* ExtensionDelegate.swift in Sources */ = {isa = PBXBuildFile; fileRef = 91AD923C24A4C42D00925D4D /* ExtensionDelegate.swift */; };
		91AD923F24A4C42D00925D4D /* NotificationController.swift in Sources */ = {isa = PBXBuildFile; fileRef = 91AD923E24A4C42D00925D4D /* NotificationController.swift */; };
		91AD924124A4C42D00925D4D /* NotificationView.swift in Sources */ = {isa = PBXBuildFile; fileRef = 91AD924024A4C42D00925D4D /* NotificationView.swift */; };
		91AD924324A4C42E00925D4D /* Assets.xcassets in Resources */ = {isa = PBXBuildFile; fileRef = 91AD924224A4C42E00925D4D /* Assets.xcassets */; };
		91AD924624A4C42E00925D4D /* Preview Assets.xcassets in Resources */ = {isa = PBXBuildFile; fileRef = 91AD924524A4C42E00925D4D /* Preview Assets.xcassets */; };
		91AD924B24A4C42E00925D4D /* OCKWatchSample.app in Embed Watch Content */ = {isa = PBXBuildFile; fileRef = 91AD922724A4C42B00925D4D /* OCKWatchSample.app */; settings = {ATTRIBUTES = (RemoveHeadersOnCopy, ); }; };
		91AD929C24A52D4200925D4D /* ParseCareKit.plist in Resources */ = {isa = PBXBuildFile; fileRef = 91AD929B24A52D4200925D4D /* ParseCareKit.plist */; };
		E72B2C0A226939E3009A9438 /* AppDelegate.swift in Sources */ = {isa = PBXBuildFile; fileRef = E72B2C09226939E3009A9438 /* AppDelegate.swift */; };
		E72B2C14226939E4009A9438 /* LaunchScreen.storyboard in Resources */ = {isa = PBXBuildFile; fileRef = E72B2C12226939E4009A9438 /* LaunchScreen.storyboard */; };
		E7440E4F229477F7007AD30A /* CareViewController.swift in Sources */ = {isa = PBXBuildFile; fileRef = E7440E4E229477F7007AD30A /* CareViewController.swift */; };
		E7C37849228F887800E982D8 /* TipView.swift in Sources */ = {isa = PBXBuildFile; fileRef = E7C37848228F887800E982D8 /* TipView.swift */; };
		E7C4CA0B22809AD500ECC3D7 /* Assets.xcassets in Resources */ = {isa = PBXBuildFile; fileRef = E7C4CA0A22809AD500ECC3D7 /* Assets.xcassets */; };
/* End PBXBuildFile section */

/* Begin PBXContainerItemProxy section */
		5173CB8C23C3A846007655A0 /* PBXContainerItemProxy */ = {
			isa = PBXContainerItemProxy;
			containerPortal = E72B2BFE226939E3009A9438 /* Project object */;
			proxyType = 1;
			remoteGlobalIDString = E72B2C05226939E3009A9438;
			remoteInfo = OCKSample;
		};
		91AD923524A4C42D00925D4D /* PBXContainerItemProxy */ = {
			isa = PBXContainerItemProxy;
			containerPortal = E72B2BFE226939E3009A9438 /* Project object */;
			proxyType = 1;
			remoteGlobalIDString = 91AD923224A4C42D00925D4D;
			remoteInfo = "OCKWatchSample Extension";
		};
		91AD924924A4C42E00925D4D /* PBXContainerItemProxy */ = {
			isa = PBXContainerItemProxy;
			containerPortal = E72B2BFE226939E3009A9438 /* Project object */;
			proxyType = 1;
			remoteGlobalIDString = 91AD922624A4C42B00925D4D;
			remoteInfo = OCKWatchSample;
		};
/* End PBXContainerItemProxy section */

/* Begin PBXCopyFilesBuildPhase section */
		51431FA223D166AE006A7CFD /* Embed Frameworks */ = {
			isa = PBXCopyFilesBuildPhase;
			buildActionMask = 2147483647;
			dstPath = "";
			dstSubfolderSpec = 10;
			files = (
			);
			name = "Embed Frameworks";
			runOnlyForDeploymentPostprocessing = 0;
		};
		91AD924C24A4C42E00925D4D /* Embed Watch Content */ = {
			isa = PBXCopyFilesBuildPhase;
			buildActionMask = 2147483647;
			dstPath = "$(CONTENTS_FOLDER_PATH)/Watch";
			dstSubfolderSpec = 16;
			files = (
				91AD924B24A4C42E00925D4D /* OCKWatchSample.app in Embed Watch Content */,
			);
			name = "Embed Watch Content";
			runOnlyForDeploymentPostprocessing = 0;
		};
		91AD924F24A4C42E00925D4D /* Embed App Extensions */ = {
			isa = PBXCopyFilesBuildPhase;
			buildActionMask = 2147483647;
			dstPath = "";
			dstSubfolderSpec = 13;
			files = (
				91AD923424A4C42D00925D4D /* OCKWatchSample Extension.appex in Embed App Extensions */,
			);
			name = "Embed App Extensions";
			runOnlyForDeploymentPostprocessing = 0;
		};
/* End PBXCopyFilesBuildPhase section */

/* Begin PBXFileReference section */
		03580E3E23CFA2E400A57818 /* OCKSample.entitlements */ = {isa = PBXFileReference; lastKnownFileType = text.plist.entitlements; path = OCKSample.entitlements; sourceTree = "<group>"; };
		03F060092331946600CCE09B /* SceneDelegate.swift */ = {isa = PBXFileReference; lastKnownFileType = sourcecode.swift; path = SceneDelegate.swift; sourceTree = "<group>"; };
		0520468223C3C1F2004F0F36 /* OCKSample.xctestplan */ = {isa = PBXFileReference; lastKnownFileType = text; path = OCKSample.xctestplan; sourceTree = "<group>"; };
		5173CB8723C3A846007655A0 /* OCKSampleUITests.xctest */ = {isa = PBXFileReference; explicitFileType = wrapper.cfbundle; includeInIndex = 0; path = OCKSampleUITests.xctest; sourceTree = BUILT_PRODUCTS_DIR; };
		5173CB8923C3A846007655A0 /* OCKSampleUITests.swift */ = {isa = PBXFileReference; lastKnownFileType = sourcecode.swift; path = OCKSampleUITests.swift; sourceTree = "<group>"; };
		5173CB8B23C3A846007655A0 /* Info.plist */ = {isa = PBXFileReference; lastKnownFileType = text.plist.xml; path = Info.plist; sourceTree = "<group>"; };
		51F6343923D2877B00FE576E /* HealthKit.framework */ = {isa = PBXFileReference; lastKnownFileType = wrapper.framework; name = HealthKit.framework; path = System/Library/Frameworks/HealthKit.framework; sourceTree = SDKROOT; };
		70077596252228E900EC0EDA /* ParseObjects.swift */ = {isa = PBXFileReference; lastKnownFileType = sourcecode.swift; path = ParseObjects.swift; sourceTree = "<group>"; };
		70308885258273D400FFABB6 /* Login.swift */ = {isa = PBXFileReference; lastKnownFileType = sourcecode.swift; path = Login.swift; sourceTree = "<group>"; };
		703088992582995200FFABB6 /* Constants.swift */ = {isa = PBXFileReference; lastKnownFileType = sourcecode.swift; path = Constants.swift; sourceTree = "<group>"; };
		7036E4BE256DA089006E9A3C /* Login.swift */ = {isa = PBXFileReference; lastKnownFileType = sourcecode.swift; path = Login.swift; sourceTree = "<group>"; };
		7036E4C3256E0A48006E9A3C /* CareView.swift */ = {isa = PBXFileReference; lastKnownFileType = sourcecode.swift; path = CareView.swift; sourceTree = "<group>"; };
		7036E4C8256E1A6F006E9A3C /* ProfileView.swift */ = {isa = PBXFileReference; lastKnownFileType = sourcecode.swift; path = ProfileView.swift; sourceTree = "<group>"; };
		7036E4CD256E9A0C006E9A3C /* ContactView.swift */ = {isa = PBXFileReference; lastKnownFileType = sourcecode.swift; path = ContactView.swift; sourceTree = "<group>"; };
		7036E4D2256EBE35006E9A3C /* MainView.swift */ = {isa = PBXFileReference; lastKnownFileType = sourcecode.swift; path = MainView.swift; sourceTree = "<group>"; };
		7036E516256F2413006E9A3C /* Profile.swift */ = {isa = PBXFileReference; lastKnownFileType = sourcecode.swift; path = Profile.swift; sourceTree = "<group>"; };
		7036E63F25717F85006E9A3C /* Constants.swift */ = {isa = PBXFileReference; lastKnownFileType = sourcecode.swift; path = Constants.swift; sourceTree = "<group>"; };
		705B22BE25E2C1A700C472AC /* OCKWatchSample Extension.entitlements */ = {isa = PBXFileReference; lastKnownFileType = text.plist.entitlements; path = "OCKWatchSample Extension.entitlements"; sourceTree = "<group>"; };
		707CC710254DA91900116728 /* en */ = {isa = PBXFileReference; lastKnownFileType = text.plist.strings; name = en; path = en.lproj/Localizable.strings; sourceTree = "<group>"; };
		707CC712254DA91900116728 /* en */ = {isa = PBXFileReference; lastKnownFileType = text.plist.stringsdict; name = en; path = en.lproj/Localizable.stringsdict; sourceTree = "<group>"; };
		707CC713254DA91900116728 /* OCKLocalization.swift */ = {isa = PBXFileReference; fileEncoding = 4; lastKnownFileType = sourcecode.swift; path = OCKLocalization.swift; sourceTree = "<group>"; };
		70BD2B1E254B44DB0030B424 /* LoginView.swift */ = {isa = PBXFileReference; lastKnownFileType = sourcecode.swift; path = LoginView.swift; sourceTree = "<group>"; };
		91AD922124A45A3900925D4D /* ParseCareKit.plist */ = {isa = PBXFileReference; fileEncoding = 4; lastKnownFileType = text.plist.xml; path = ParseCareKit.plist; sourceTree = "<group>"; };
		91AD922324A461D200925D4D /* README.md */ = {isa = PBXFileReference; fileEncoding = 4; lastKnownFileType = net.daringfireball.markdown; path = README.md; sourceTree = "<group>"; };
		91AD922724A4C42B00925D4D /* OCKWatchSample.app */ = {isa = PBXFileReference; explicitFileType = wrapper.application; includeInIndex = 0; path = OCKWatchSample.app; sourceTree = BUILT_PRODUCTS_DIR; };
		91AD922A24A4C42B00925D4D /* Base */ = {isa = PBXFileReference; lastKnownFileType = file.storyboard; name = Base; path = Base.lproj/Interface.storyboard; sourceTree = "<group>"; };
		91AD922C24A4C42D00925D4D /* Assets.xcassets */ = {isa = PBXFileReference; lastKnownFileType = folder.assetcatalog; path = Assets.xcassets; sourceTree = "<group>"; };
		91AD922E24A4C42D00925D4D /* Info.plist */ = {isa = PBXFileReference; lastKnownFileType = text.plist.xml; path = Info.plist; sourceTree = "<group>"; };
		91AD923324A4C42D00925D4D /* OCKWatchSample Extension.appex */ = {isa = PBXFileReference; explicitFileType = "wrapper.app-extension"; includeInIndex = 0; path = "OCKWatchSample Extension.appex"; sourceTree = BUILT_PRODUCTS_DIR; };
		91AD923824A4C42D00925D4D /* HostingController.swift */ = {isa = PBXFileReference; lastKnownFileType = sourcecode.swift; path = HostingController.swift; sourceTree = "<group>"; };
		91AD923A24A4C42D00925D4D /* CareView.swift */ = {isa = PBXFileReference; lastKnownFileType = sourcecode.swift; path = CareView.swift; sourceTree = "<group>"; };
		91AD923C24A4C42D00925D4D /* ExtensionDelegate.swift */ = {isa = PBXFileReference; lastKnownFileType = sourcecode.swift; path = ExtensionDelegate.swift; sourceTree = "<group>"; };
		91AD923E24A4C42D00925D4D /* NotificationController.swift */ = {isa = PBXFileReference; lastKnownFileType = sourcecode.swift; path = NotificationController.swift; sourceTree = "<group>"; };
		91AD924024A4C42D00925D4D /* NotificationView.swift */ = {isa = PBXFileReference; lastKnownFileType = sourcecode.swift; path = NotificationView.swift; sourceTree = "<group>"; };
		91AD924224A4C42E00925D4D /* Assets.xcassets */ = {isa = PBXFileReference; lastKnownFileType = folder.assetcatalog; path = Assets.xcassets; sourceTree = "<group>"; };
		91AD924524A4C42E00925D4D /* Preview Assets.xcassets */ = {isa = PBXFileReference; lastKnownFileType = folder.assetcatalog; path = "Preview Assets.xcassets"; sourceTree = "<group>"; };
		91AD924724A4C42E00925D4D /* Info.plist */ = {isa = PBXFileReference; lastKnownFileType = text.plist.xml; path = Info.plist; sourceTree = "<group>"; };
		91AD924824A4C42E00925D4D /* PushNotificationPayload.apns */ = {isa = PBXFileReference; lastKnownFileType = text; path = PushNotificationPayload.apns; sourceTree = "<group>"; };
		91AD929B24A52D4200925D4D /* ParseCareKit.plist */ = {isa = PBXFileReference; lastKnownFileType = text.plist; name = ParseCareKit.plist; path = "OCKSample/Supporting Files/ParseCareKit.plist"; sourceTree = SOURCE_ROOT; };
		E72B2C06226939E3009A9438 /* OCKSample.app */ = {isa = PBXFileReference; explicitFileType = wrapper.application; includeInIndex = 0; path = OCKSample.app; sourceTree = BUILT_PRODUCTS_DIR; };
		E72B2C09226939E3009A9438 /* AppDelegate.swift */ = {isa = PBXFileReference; lastKnownFileType = sourcecode.swift; path = AppDelegate.swift; sourceTree = "<group>"; };
		E72B2C13226939E4009A9438 /* Base */ = {isa = PBXFileReference; lastKnownFileType = file.storyboard; name = Base; path = Base.lproj/LaunchScreen.storyboard; sourceTree = "<group>"; };
		E72B2C15226939E4009A9438 /* Info.plist */ = {isa = PBXFileReference; lastKnownFileType = text.plist.xml; path = Info.plist; sourceTree = "<group>"; };
		E7440E4E229477F7007AD30A /* CareViewController.swift */ = {isa = PBXFileReference; fileEncoding = 4; lastKnownFileType = sourcecode.swift; path = CareViewController.swift; sourceTree = "<group>"; };
		E7C37848228F887800E982D8 /* TipView.swift */ = {isa = PBXFileReference; lastKnownFileType = sourcecode.swift; path = TipView.swift; sourceTree = "<group>"; };
		E7C4CA0A22809AD500ECC3D7 /* Assets.xcassets */ = {isa = PBXFileReference; lastKnownFileType = folder.assetcatalog; path = Assets.xcassets; sourceTree = "<group>"; };
/* End PBXFileReference section */

/* Begin PBXFrameworksBuildPhase section */
		51431FA123D166AE006A7CFD /* Frameworks */ = {
			isa = PBXFrameworksBuildPhase;
			buildActionMask = 2147483647;
			files = (
				70BACDF425E4180600AD49DF /* CareKit in Frameworks */,
				70A7941125C3445D0003F0FF /* ParseCareKit in Frameworks */,
				70BACDF625E4180600AD49DF /* CareKitUI in Frameworks */,
				70BACDF225E4180600AD49DF /* CareKitFHIR in Frameworks */,
			);
			runOnlyForDeploymentPostprocessing = 0;
		};
		8E2FA4969104CA618976C1EC /* Frameworks */ = {
			isa = PBXFrameworksBuildPhase;
			buildActionMask = 2147483647;
			files = (
			);
			runOnlyForDeploymentPostprocessing = 0;
		};
		91AD923024A4C42D00925D4D /* Frameworks */ = {
			isa = PBXFrameworksBuildPhase;
			buildActionMask = 2147483647;
			files = (
				70BACDFB25E4181700AD49DF /* CareKit in Frameworks */,
				70A7941B25C344790003F0FF /* ParseCareKit in Frameworks */,
			);
			runOnlyForDeploymentPostprocessing = 0;
		};
		A6114C4D70D4BD989D400083 /* Frameworks */ = {
			isa = PBXFrameworksBuildPhase;
			buildActionMask = 2147483647;
			files = (
			);
			runOnlyForDeploymentPostprocessing = 0;
		};
/* End PBXFrameworksBuildPhase section */

/* Begin PBXGroup section */
		51431F9723D166AE006A7CFD /* Frameworks */ = {
			isa = PBXGroup;
			children = (
				51F6343923D2877B00FE576E /* HealthKit.framework */,
			);
			name = Frameworks;
			sourceTree = "<group>";
		};
		5173CB8823C3A846007655A0 /* OCKSampleUITests */ = {
			isa = PBXGroup;
			children = (
				5173CB8923C3A846007655A0 /* OCKSampleUITests.swift */,
				5173CB8B23C3A846007655A0 /* Info.plist */,
			);
			path = OCKSampleUITests;
			sourceTree = "<group>";
		};
		703088772582727500FFABB6 /* MainTabs */ = {
			isa = PBXGroup;
			children = (
				70308878258272CD00FFABB6 /* Care */,
				7036E4D2256EBE35006E9A3C /* MainView.swift */,
				7030887D258272F400FFABB6 /* Contact */,
				7030887C258272E700FFABB6 /* Profile */,
			);
			path = MainTabs;
			sourceTree = "<group>";
		};
		70308878258272CD00FFABB6 /* Care */ = {
			isa = PBXGroup;
			children = (
				E7440E4E229477F7007AD30A /* CareViewController.swift */,
				7036E4C3256E0A48006E9A3C /* CareView.swift */,
				E7C37848228F887800E982D8 /* TipView.swift */,
			);
			path = Care;
			sourceTree = "<group>";
		};
		7030887C258272E700FFABB6 /* Profile */ = {
			isa = PBXGroup;
			children = (
				7036E4C8256E1A6F006E9A3C /* ProfileView.swift */,
				7036E516256F2413006E9A3C /* Profile.swift */,
			);
			path = Profile;
			sourceTree = "<group>";
		};
		7030887D258272F400FFABB6 /* Contact */ = {
			isa = PBXGroup;
			children = (
				7036E4CD256E9A0C006E9A3C /* ContactView.swift */,
			);
			path = Contact;
			sourceTree = "<group>";
		};
		7030887E2582731300FFABB6 /* Login */ = {
			isa = PBXGroup;
			children = (
				7036E4BE256DA089006E9A3C /* Login.swift */,
				70BD2B1E254B44DB0030B424 /* LoginView.swift */,
			);
			path = Login;
			sourceTree = "<group>";
		};
		707CC70E254DA91900116728 /* Localization */ = {
			isa = PBXGroup;
			children = (
				707CC70F254DA91900116728 /* Localizable.strings */,
				707CC711254DA91900116728 /* Localizable.stringsdict */,
				707CC713254DA91900116728 /* OCKLocalization.swift */,
			);
			path = Localization;
			sourceTree = "<group>";
		};
		71A79C8A2294FBA1002B96D3 /* Supporting Files */ = {
			isa = PBXGroup;
			children = (
				707CC70E254DA91900116728 /* Localization */,
				E7C4CA0A22809AD500ECC3D7 /* Assets.xcassets */,
				91AD922124A45A3900925D4D /* ParseCareKit.plist */,
				E72B2C12226939E4009A9438 /* LaunchScreen.storyboard */,
				E72B2C15226939E4009A9438 /* Info.plist */,
			);
			path = "Supporting Files";
			sourceTree = "<group>";
		};
		91AD922824A4C42B00925D4D /* OCKWatchSample */ = {
			isa = PBXGroup;
			children = (
				91AD922924A4C42B00925D4D /* Interface.storyboard */,
				91AD922C24A4C42D00925D4D /* Assets.xcassets */,
				91AD922E24A4C42D00925D4D /* Info.plist */,
			);
			path = OCKWatchSample;
			sourceTree = "<group>";
		};
		91AD923724A4C42D00925D4D /* OCKWatchSample Extension */ = {
			isa = PBXGroup;
			children = (
				705B22BE25E2C1A700C472AC /* OCKWatchSample Extension.entitlements */,
				91AD924224A4C42E00925D4D /* Assets.xcassets */,
				91AD923A24A4C42D00925D4D /* CareView.swift */,
				703088992582995200FFABB6 /* Constants.swift */,
				91AD923C24A4C42D00925D4D /* ExtensionDelegate.swift */,
				91AD923824A4C42D00925D4D /* HostingController.swift */,
				91AD924724A4C42E00925D4D /* Info.plist */,
				70308885258273D400FFABB6 /* Login.swift */,
				91AD923E24A4C42D00925D4D /* NotificationController.swift */,
				91AD924024A4C42D00925D4D /* NotificationView.swift */,
				91AD929B24A52D4200925D4D /* ParseCareKit.plist */,
				91AD924424A4C42E00925D4D /* Preview Content */,
				91AD924824A4C42E00925D4D /* PushNotificationPayload.apns */,
			);
			path = "OCKWatchSample Extension";
			sourceTree = "<group>";
		};
		91AD924424A4C42E00925D4D /* Preview Content */ = {
			isa = PBXGroup;
			children = (
				91AD924524A4C42E00925D4D /* Preview Assets.xcassets */,
			);
			path = "Preview Content";
			sourceTree = "<group>";
		};
		E72B2BFD226939E3009A9438 = {
			isa = PBXGroup;
			children = (
				91AD922324A461D200925D4D /* README.md */,
				0520468223C3C1F2004F0F36 /* OCKSample.xctestplan */,
				E72B2C08226939E3009A9438 /* OCKSample */,
				5173CB8823C3A846007655A0 /* OCKSampleUITests */,
				91AD922824A4C42B00925D4D /* OCKWatchSample */,
				91AD923724A4C42D00925D4D /* OCKWatchSample Extension */,
				E72B2C07226939E3009A9438 /* Products */,
				51431F9723D166AE006A7CFD /* Frameworks */,
			);
			sourceTree = "<group>";
		};
		E72B2C07226939E3009A9438 /* Products */ = {
			isa = PBXGroup;
			children = (
				E72B2C06226939E3009A9438 /* OCKSample.app */,
				5173CB8723C3A846007655A0 /* OCKSampleUITests.xctest */,
				91AD922724A4C42B00925D4D /* OCKWatchSample.app */,
				91AD923324A4C42D00925D4D /* OCKWatchSample Extension.appex */,
			);
			name = Products;
			sourceTree = "<group>";
		};
		E72B2C08226939E3009A9438 /* OCKSample */ = {
			isa = PBXGroup;
			children = (
				03580E3E23CFA2E400A57818 /* OCKSample.entitlements */,
				E72B2C09226939E3009A9438 /* AppDelegate.swift */,
				7036E63F25717F85006E9A3C /* Constants.swift */,
				70077596252228E900EC0EDA /* ParseObjects.swift */,
				03F060092331946600CCE09B /* SceneDelegate.swift */,
				7030887E2582731300FFABB6 /* Login */,
				703088772582727500FFABB6 /* MainTabs */,
				71A79C8A2294FBA1002B96D3 /* Supporting Files */,
			);
			path = OCKSample;
			sourceTree = "<group>";
		};
/* End PBXGroup section */

/* Begin PBXNativeTarget section */
		5173CB8623C3A846007655A0 /* OCKSampleUITests */ = {
			isa = PBXNativeTarget;
			buildConfigurationList = 5173CB9723C3A846007655A0 /* Build configuration list for PBXNativeTarget "OCKSampleUITests" */;
			buildPhases = (
				5173CB8323C3A846007655A0 /* Sources */,
				5173CB8523C3A846007655A0 /* Resources */,
				A6114C4D70D4BD989D400083 /* Frameworks */,
			);
			buildRules = (
			);
			dependencies = (
				5173CB8D23C3A846007655A0 /* PBXTargetDependency */,
			);
			name = OCKSampleUITests;
			productName = OCKSampleUITests;
			productReference = 5173CB8723C3A846007655A0 /* OCKSampleUITests.xctest */;
			productType = "com.apple.product-type.bundle.ui-testing";
		};
		91AD922624A4C42B00925D4D /* OCKWatchSample */ = {
			isa = PBXNativeTarget;
			buildConfigurationList = 91AD925324A4C42E00925D4D /* Build configuration list for PBXNativeTarget "OCKWatchSample" */;
			buildPhases = (
				91AD922524A4C42B00925D4D /* Resources */,
				91AD924F24A4C42E00925D4D /* Embed App Extensions */,
				8E2FA4969104CA618976C1EC /* Frameworks */,
			);
			buildRules = (
			);
			dependencies = (
				91AD923624A4C42D00925D4D /* PBXTargetDependency */,
			);
			name = OCKWatchSample;
			productName = OCKWatchSample;
			productReference = 91AD922724A4C42B00925D4D /* OCKWatchSample.app */;
			productType = "com.apple.product-type.application.watchapp2";
		};
		91AD923224A4C42D00925D4D /* OCKWatchSample Extension */ = {
			isa = PBXNativeTarget;
			buildConfigurationList = 91AD925224A4C42E00925D4D /* Build configuration list for PBXNativeTarget "OCKWatchSample Extension" */;
			buildPhases = (
				91AD922F24A4C42D00925D4D /* Sources */,
				91AD923024A4C42D00925D4D /* Frameworks */,
				91AD923124A4C42D00925D4D /* Resources */,
			);
			buildRules = (
			);
			dependencies = (
			);
			name = "OCKWatchSample Extension";
			packageProductDependencies = (
				70A7941A25C344790003F0FF /* ParseCareKit */,
				70BACDFA25E4181700AD49DF /* CareKit */,
			);
			productName = "OCKWatchSample Extension";
			productReference = 91AD923324A4C42D00925D4D /* OCKWatchSample Extension.appex */;
			productType = "com.apple.product-type.watchkit2-extension";
		};
		E72B2C05226939E3009A9438 /* OCKSample */ = {
			isa = PBXNativeTarget;
			buildConfigurationList = E72B2C18226939E4009A9438 /* Build configuration list for PBXNativeTarget "OCKSample" */;
			buildPhases = (
				E72B2C02226939E3009A9438 /* Sources */,
				E72B2C04226939E3009A9438 /* Resources */,
				51431FA123D166AE006A7CFD /* Frameworks */,
				51431FA223D166AE006A7CFD /* Embed Frameworks */,
				91AD924C24A4C42E00925D4D /* Embed Watch Content */,
			);
			buildRules = (
			);
			dependencies = (
				91AD924A24A4C42E00925D4D /* PBXTargetDependency */,
			);
			name = OCKSample;
			packageProductDependencies = (
				70A7941025C3445D0003F0FF /* ParseCareKit */,
				70BACDF125E4180600AD49DF /* CareKitFHIR */,
				70BACDF325E4180600AD49DF /* CareKit */,
				70BACDF525E4180600AD49DF /* CareKitUI */,
			);
			productName = CareKitDemoApp;
			productReference = E72B2C06226939E3009A9438 /* OCKSample.app */;
			productType = "com.apple.product-type.application";
		};
/* End PBXNativeTarget section */

/* Begin PBXProject section */
		E72B2BFE226939E3009A9438 /* Project object */ = {
			isa = PBXProject;
			attributes = {
				LastSwiftUpdateCheck = 1200;
				LastUpgradeCheck = 1200;
				ORGANIZATIONNAME = "Network Reconnaissance Lab";
				TargetAttributes = {
					5173CB8623C3A846007655A0 = {
						CreatedOnToolsVersion = 11.1;
						TestTargetID = E72B2C05226939E3009A9438;
					};
					91AD922624A4C42B00925D4D = {
						CreatedOnToolsVersion = 12.0;
					};
					91AD923224A4C42D00925D4D = {
						CreatedOnToolsVersion = 12.0;
					};
					E72B2C05226939E3009A9438 = {
						CreatedOnToolsVersion = 10.2;
					};
				};
			};
			buildConfigurationList = E72B2C01226939E3009A9438 /* Build configuration list for PBXProject "OCKSample" */;
			compatibilityVersion = "Xcode 9.3";
			developmentRegion = en;
			hasScannedForEncodings = 0;
			knownRegions = (
				en,
				Base,
			);
			mainGroup = E72B2BFD226939E3009A9438;
			packageReferences = (
				70A7940F25C3445D0003F0FF /* XCRemoteSwiftPackageReference "ParseCareKit" */,
				70BACDF025E4180600AD49DF /* XCRemoteSwiftPackageReference "CareKit" */,
			);
			productRefGroup = E72B2C07226939E3009A9438 /* Products */;
			projectDirPath = "";
			projectRoot = "";
			targets = (
				E72B2C05226939E3009A9438 /* OCKSample */,
				5173CB8623C3A846007655A0 /* OCKSampleUITests */,
				91AD922624A4C42B00925D4D /* OCKWatchSample */,
				91AD923224A4C42D00925D4D /* OCKWatchSample Extension */,
			);
		};
/* End PBXProject section */

/* Begin PBXResourcesBuildPhase section */
		5173CB8523C3A846007655A0 /* Resources */ = {
			isa = PBXResourcesBuildPhase;
			buildActionMask = 2147483647;
			files = (
			);
			runOnlyForDeploymentPostprocessing = 0;
		};
		91AD922524A4C42B00925D4D /* Resources */ = {
			isa = PBXResourcesBuildPhase;
			buildActionMask = 2147483647;
			files = (
				91AD922D24A4C42D00925D4D /* Assets.xcassets in Resources */,
				91AD922B24A4C42B00925D4D /* Interface.storyboard in Resources */,
			);
			runOnlyForDeploymentPostprocessing = 0;
		};
		91AD923124A4C42D00925D4D /* Resources */ = {
			isa = PBXResourcesBuildPhase;
			buildActionMask = 2147483647;
			files = (
				91AD924624A4C42E00925D4D /* Preview Assets.xcassets in Resources */,
				707CC715254DA91900116728 /* Localizable.strings in Resources */,
				91AD929C24A52D4200925D4D /* ParseCareKit.plist in Resources */,
				707CC717254DA91900116728 /* Localizable.stringsdict in Resources */,
				91AD924324A4C42E00925D4D /* Assets.xcassets in Resources */,
			);
			runOnlyForDeploymentPostprocessing = 0;
		};
		E72B2C04226939E3009A9438 /* Resources */ = {
			isa = PBXResourcesBuildPhase;
			buildActionMask = 2147483647;
			files = (
				707CC714254DA91900116728 /* Localizable.strings in Resources */,
				E7C4CA0B22809AD500ECC3D7 /* Assets.xcassets in Resources */,
				91AD922224A45A3900925D4D /* ParseCareKit.plist in Resources */,
				91AD922424A461D200925D4D /* README.md in Resources */,
				E72B2C14226939E4009A9438 /* LaunchScreen.storyboard in Resources */,
				707CC716254DA91900116728 /* Localizable.stringsdict in Resources */,
			);
			runOnlyForDeploymentPostprocessing = 0;
		};
/* End PBXResourcesBuildPhase section */

/* Begin PBXSourcesBuildPhase section */
		5173CB8323C3A846007655A0 /* Sources */ = {
			isa = PBXSourcesBuildPhase;
			buildActionMask = 2147483647;
			files = (
				5173CB8A23C3A846007655A0 /* OCKSampleUITests.swift in Sources */,
			);
			runOnlyForDeploymentPostprocessing = 0;
		};
		91AD922F24A4C42D00925D4D /* Sources */ = {
			isa = PBXSourcesBuildPhase;
			buildActionMask = 2147483647;
			files = (
				91AD923B24A4C42D00925D4D /* CareView.swift in Sources */,
				91AD923924A4C42D00925D4D /* HostingController.swift in Sources */,
				707CC719254DA91900116728 /* OCKLocalization.swift in Sources */,
				7007759B252229C900EC0EDA /* ParseObjects.swift in Sources */,
				91AD923F24A4C42D00925D4D /* NotificationController.swift in Sources */,
				91AD923D24A4C42D00925D4D /* ExtensionDelegate.swift in Sources */,
				91AD924124A4C42D00925D4D /* NotificationView.swift in Sources */,
				70308886258273D400FFABB6 /* Login.swift in Sources */,
				7030889A2582995200FFABB6 /* Constants.swift in Sources */,
			);
			runOnlyForDeploymentPostprocessing = 0;
		};
		E72B2C02226939E3009A9438 /* Sources */ = {
			isa = PBXSourcesBuildPhase;
			buildActionMask = 2147483647;
			files = (
				E7440E4F229477F7007AD30A /* CareViewController.swift in Sources */,
				7036E64025717F85006E9A3C /* Constants.swift in Sources */,
				7036E4CE256E9A0C006E9A3C /* ContactView.swift in Sources */,
				70DFD80B2567074500B9DB12 /* LoginView.swift in Sources */,
				E72B2C0A226939E3009A9438 /* AppDelegate.swift in Sources */,
				7036E4C4256E0A48006E9A3C /* CareView.swift in Sources */,
				7036E4D3256EBE35006E9A3C /* MainView.swift in Sources */,
				707CC718254DA91900116728 /* OCKLocalization.swift in Sources */,
				E7C37849228F887800E982D8 /* TipView.swift in Sources */,
				70077597252228E900EC0EDA /* ParseObjects.swift in Sources */,
				03F0600A2331946600CCE09B /* SceneDelegate.swift in Sources */,
				7036E4C9256E1A6F006E9A3C /* ProfileView.swift in Sources */,
				7036E4BF256DA089006E9A3C /* Login.swift in Sources */,
				7036E517256F2413006E9A3C /* Profile.swift in Sources */,
			);
			runOnlyForDeploymentPostprocessing = 0;
		};
/* End PBXSourcesBuildPhase section */

/* Begin PBXTargetDependency section */
		5173CB8D23C3A846007655A0 /* PBXTargetDependency */ = {
			isa = PBXTargetDependency;
			target = E72B2C05226939E3009A9438 /* OCKSample */;
			targetProxy = 5173CB8C23C3A846007655A0 /* PBXContainerItemProxy */;
		};
		91AD923624A4C42D00925D4D /* PBXTargetDependency */ = {
			isa = PBXTargetDependency;
			target = 91AD923224A4C42D00925D4D /* OCKWatchSample Extension */;
			targetProxy = 91AD923524A4C42D00925D4D /* PBXContainerItemProxy */;
		};
		91AD924A24A4C42E00925D4D /* PBXTargetDependency */ = {
			isa = PBXTargetDependency;
			target = 91AD922624A4C42B00925D4D /* OCKWatchSample */;
			targetProxy = 91AD924924A4C42E00925D4D /* PBXContainerItemProxy */;
		};
/* End PBXTargetDependency section */

/* Begin PBXVariantGroup section */
		707CC70F254DA91900116728 /* Localizable.strings */ = {
			isa = PBXVariantGroup;
			children = (
				707CC710254DA91900116728 /* en */,
			);
			name = Localizable.strings;
			sourceTree = "<group>";
		};
		707CC711254DA91900116728 /* Localizable.stringsdict */ = {
			isa = PBXVariantGroup;
			children = (
				707CC712254DA91900116728 /* en */,
			);
			name = Localizable.stringsdict;
			sourceTree = "<group>";
		};
		91AD922924A4C42B00925D4D /* Interface.storyboard */ = {
			isa = PBXVariantGroup;
			children = (
				91AD922A24A4C42B00925D4D /* Base */,
			);
			name = Interface.storyboard;
			sourceTree = "<group>";
		};
		E72B2C12226939E4009A9438 /* LaunchScreen.storyboard */ = {
			isa = PBXVariantGroup;
			children = (
				E72B2C13226939E4009A9438 /* Base */,
			);
			name = LaunchScreen.storyboard;
			sourceTree = "<group>";
		};
/* End PBXVariantGroup section */

/* Begin XCBuildConfiguration section */
		052F8B2F235778A200E45940 /* Release */ = {
			isa = XCBuildConfiguration;
			buildSettings = {
				ALWAYS_SEARCH_USER_PATHS = NO;
				CLANG_ANALYZER_LOCALIZABILITY_NONLOCALIZED = YES;
				CLANG_ANALYZER_NONNULL = YES;
				CLANG_ANALYZER_NUMBER_OBJECT_CONVERSION = YES_AGGRESSIVE;
				CLANG_CXX_LANGUAGE_STANDARD = "gnu++14";
				CLANG_CXX_LIBRARY = "libc++";
				CLANG_ENABLE_MODULES = YES;
				CLANG_ENABLE_OBJC_ARC = YES;
				CLANG_ENABLE_OBJC_WEAK = YES;
				CLANG_WARN_BLOCK_CAPTURE_AUTORELEASING = YES;
				CLANG_WARN_BOOL_CONVERSION = YES;
				CLANG_WARN_COMMA = YES;
				CLANG_WARN_CONSTANT_CONVERSION = YES;
				CLANG_WARN_DEPRECATED_OBJC_IMPLEMENTATIONS = YES;
				CLANG_WARN_DIRECT_OBJC_ISA_USAGE = YES_ERROR;
				CLANG_WARN_DOCUMENTATION_COMMENTS = YES;
				CLANG_WARN_EMPTY_BODY = YES;
				CLANG_WARN_ENUM_CONVERSION = YES;
				CLANG_WARN_INFINITE_RECURSION = YES;
				CLANG_WARN_INT_CONVERSION = YES;
				CLANG_WARN_NON_LITERAL_NULL_CONVERSION = YES;
				CLANG_WARN_OBJC_IMPLICIT_RETAIN_SELF = YES;
				CLANG_WARN_OBJC_LITERAL_CONVERSION = YES;
				CLANG_WARN_OBJC_ROOT_CLASS = YES_ERROR;
				CLANG_WARN_QUOTED_INCLUDE_IN_FRAMEWORK_HEADER = YES;
				CLANG_WARN_RANGE_LOOP_ANALYSIS = YES;
				CLANG_WARN_STRICT_PROTOTYPES = YES;
				CLANG_WARN_SUSPICIOUS_MOVE = YES;
				CLANG_WARN_UNGUARDED_AVAILABILITY = YES_AGGRESSIVE;
				CLANG_WARN_UNREACHABLE_CODE = YES;
				CLANG_WARN__DUPLICATE_METHOD_MATCH = YES;
				CODE_SIGN_IDENTITY = "iPhone Developer";
				COPY_PHASE_STRIP = NO;
				DEBUG_INFORMATION_FORMAT = "dwarf-with-dsym";
				ENABLE_NS_ASSERTIONS = NO;
				ENABLE_STRICT_OBJC_MSGSEND = YES;
				GCC_C_LANGUAGE_STANDARD = gnu11;
				GCC_NO_COMMON_BLOCKS = YES;
				GCC_WARN_64_TO_32_BIT_CONVERSION = YES;
				GCC_WARN_ABOUT_RETURN_TYPE = YES_ERROR;
				GCC_WARN_UNDECLARED_SELECTOR = YES;
				GCC_WARN_UNINITIALIZED_AUTOS = YES_AGGRESSIVE;
				GCC_WARN_UNUSED_FUNCTION = YES;
				GCC_WARN_UNUSED_VARIABLE = YES;
				IPHONEOS_DEPLOYMENT_TARGET = 13.0;
				MTL_ENABLE_DEBUG_INFO = NO;
				MTL_FAST_MATH = YES;
				SDKROOT = iphoneos;
				SWIFT_COMPILATION_MODE = wholemodule;
				SWIFT_OPTIMIZATION_LEVEL = "-O";
				SWIFT_TREAT_WARNINGS_AS_ERRORS = YES;
				SWIFT_VERSION = 5.0;
				VALIDATE_PRODUCT = YES;
			};
			name = Release;
		};
		052F8B30235778A200E45940 /* Release */ = {
			isa = XCBuildConfiguration;
			buildSettings = {
				ASSETCATALOG_COMPILER_APPICON_NAME = AppIcon;
				CODE_SIGN_ENTITLEMENTS = OCKSample/OCKSample.entitlements;
				CODE_SIGN_IDENTITY = "Apple Development";
				CODE_SIGN_STYLE = Automatic;
				CURRENT_PROJECT_VERSION = 1.0;
				DEVELOPMENT_TEAM = K26KDKYY38;
				ENABLE_BITCODE = YES;
				FRAMEWORK_SEARCH_PATHS = (
					"$(inherited)",
					"$(PROJECT_DIR)",
				);
				GCC_TREAT_WARNINGS_AS_ERRORS = NO;
				INFOPLIST_FILE = "$(SRCROOT)/OCKSample/Supporting Files/Info.plist";
				LD_RUNPATH_SEARCH_PATHS = (
					"$(inherited)",
					"@executable_path/Frameworks",
				);
				PRODUCT_BUNDLE_IDENTIFIER = edu.uky.netrecon.ParseCarekitSample;
				PRODUCT_NAME = "$(TARGET_NAME)";
				PROVISIONING_PROFILE_SPECIFIER = "";
				SWIFT_TREAT_WARNINGS_AS_ERRORS = NO;
				TARGETED_DEVICE_FAMILY = 1;
			};
			name = Release;
		};
		5173CB8E23C3A846007655A0 /* Debug */ = {
			isa = XCBuildConfiguration;
			buildSettings = {
				CODE_SIGN_STYLE = Automatic;
				DEBUG_INFORMATION_FORMAT = dwarf;
				INFOPLIST_FILE = OCKSampleUITests/Info.plist;
				IPHONEOS_DEPLOYMENT_TARGET = 13.1;
				LD_RUNPATH_SEARCH_PATHS = (
					"$(inherited)",
					"@executable_path/Frameworks",
					"@loader_path/Frameworks",
				);
				PRODUCT_BUNDLE_IDENTIFIER = Apple.OCKSampleUITests;
				PRODUCT_NAME = "$(TARGET_NAME)";
				SWIFT_VERSION = 5.0;
				TARGETED_DEVICE_FAMILY = "1,2";
				TEST_TARGET_NAME = OCKSample;
			};
			name = Debug;
		};
		5173CB9023C3A846007655A0 /* Release */ = {
			isa = XCBuildConfiguration;
			buildSettings = {
				ALWAYS_SEARCH_USER_PATHS = NO;
				CLANG_ANALYZER_NONNULL = YES;
				CLANG_ANALYZER_NUMBER_OBJECT_CONVERSION = YES_AGGRESSIVE;
				CLANG_CXX_LANGUAGE_STANDARD = "gnu++14";
				CLANG_CXX_LIBRARY = "libc++";
				CLANG_ENABLE_MODULES = YES;
				CLANG_ENABLE_OBJC_ARC = YES;
				CLANG_ENABLE_OBJC_WEAK = YES;
				CLANG_WARN_BLOCK_CAPTURE_AUTORELEASING = YES;
				CLANG_WARN_BOOL_CONVERSION = YES;
				CLANG_WARN_COMMA = YES;
				CLANG_WARN_CONSTANT_CONVERSION = YES;
				CLANG_WARN_DEPRECATED_OBJC_IMPLEMENTATIONS = YES;
				CLANG_WARN_DIRECT_OBJC_ISA_USAGE = YES_ERROR;
				CLANG_WARN_DOCUMENTATION_COMMENTS = YES;
				CLANG_WARN_EMPTY_BODY = YES;
				CLANG_WARN_ENUM_CONVERSION = YES;
				CLANG_WARN_INFINITE_RECURSION = YES;
				CLANG_WARN_INT_CONVERSION = YES;
				CLANG_WARN_NON_LITERAL_NULL_CONVERSION = YES;
				CLANG_WARN_OBJC_IMPLICIT_RETAIN_SELF = YES;
				CLANG_WARN_OBJC_LITERAL_CONVERSION = YES;
				CLANG_WARN_OBJC_ROOT_CLASS = YES_ERROR;
				CLANG_WARN_RANGE_LOOP_ANALYSIS = YES;
				CLANG_WARN_STRICT_PROTOTYPES = YES;
				CLANG_WARN_SUSPICIOUS_MOVE = YES;
				CLANG_WARN_UNGUARDED_AVAILABILITY = YES_AGGRESSIVE;
				CLANG_WARN_UNREACHABLE_CODE = YES;
				CLANG_WARN__DUPLICATE_METHOD_MATCH = YES;
				CODE_SIGN_STYLE = Automatic;
				COPY_PHASE_STRIP = NO;
				DEBUG_INFORMATION_FORMAT = "dwarf-with-dsym";
				ENABLE_NS_ASSERTIONS = NO;
				ENABLE_STRICT_OBJC_MSGSEND = YES;
				GCC_C_LANGUAGE_STANDARD = gnu11;
				GCC_NO_COMMON_BLOCKS = YES;
				GCC_WARN_64_TO_32_BIT_CONVERSION = YES;
				GCC_WARN_ABOUT_RETURN_TYPE = YES_ERROR;
				GCC_WARN_UNDECLARED_SELECTOR = YES;
				GCC_WARN_UNINITIALIZED_AUTOS = YES_AGGRESSIVE;
				GCC_WARN_UNUSED_FUNCTION = YES;
				GCC_WARN_UNUSED_VARIABLE = YES;
				INFOPLIST_FILE = OCKSampleUITests/Info.plist;
				IPHONEOS_DEPLOYMENT_TARGET = 13.1;
				LD_RUNPATH_SEARCH_PATHS = (
					"$(inherited)",
					"@executable_path/Frameworks",
					"@loader_path/Frameworks",
				);
				MTL_ENABLE_DEBUG_INFO = NO;
				MTL_FAST_MATH = YES;
				PRODUCT_BUNDLE_IDENTIFIER = Apple.OCKSampleUITests;
				PRODUCT_NAME = "$(TARGET_NAME)";
				SDKROOT = iphoneos;
				SWIFT_COMPILATION_MODE = wholemodule;
				SWIFT_OPTIMIZATION_LEVEL = "-O";
				SWIFT_VERSION = 5.0;
				TARGETED_DEVICE_FAMILY = "1,2";
				TEST_TARGET_NAME = OCKSample;
				VALIDATE_PRODUCT = YES;
			};
			name = Release;
		};
		91AD924D24A4C42E00925D4D /* Debug */ = {
			isa = XCBuildConfiguration;
			buildSettings = {
				ALWAYS_EMBED_SWIFT_STANDARD_LIBRARIES = YES;
				ASSETCATALOG_COMPILER_APPICON_NAME = AppIcon;
				ASSETCATALOG_COMPILER_GLOBAL_ACCENT_COLOR_NAME = AccentColor;
				CODE_SIGN_ENTITLEMENTS = "";
				CODE_SIGN_IDENTITY = "Apple Development";
				CODE_SIGN_STYLE = Automatic;
				DEBUG_INFORMATION_FORMAT = dwarf;
				DEVELOPMENT_TEAM = K26KDKYY38;
				IBSC_MODULE = OCKWatchSample_Extension;
				INFOPLIST_FILE = OCKWatchSample/Info.plist;
				PRODUCT_BUNDLE_IDENTIFIER = edu.uky.netrecon.ParseCarekitSample.watchkitapp;
				PRODUCT_NAME = "$(TARGET_NAME)";
				SDKROOT = watchos;
				SKIP_INSTALL = YES;
				SWIFT_VERSION = 5.0;
				TARGETED_DEVICE_FAMILY = 4;
				WATCHOS_DEPLOYMENT_TARGET = 7.0;
			};
			name = Debug;
		};
		91AD924E24A4C42E00925D4D /* Release */ = {
			isa = XCBuildConfiguration;
			buildSettings = {
				ALWAYS_EMBED_SWIFT_STANDARD_LIBRARIES = YES;
				ASSETCATALOG_COMPILER_APPICON_NAME = AppIcon;
				ASSETCATALOG_COMPILER_GLOBAL_ACCENT_COLOR_NAME = AccentColor;
				CODE_SIGN_ENTITLEMENTS = "";
				CODE_SIGN_IDENTITY = "Apple Development";
				CODE_SIGN_STYLE = Automatic;
				DEVELOPMENT_TEAM = K26KDKYY38;
				IBSC_MODULE = OCKWatchSample_Extension;
				INFOPLIST_FILE = OCKWatchSample/Info.plist;
				PRODUCT_BUNDLE_IDENTIFIER = edu.uky.netrecon.ParseCarekitSample.watchkitapp;
				PRODUCT_NAME = "$(TARGET_NAME)";
				SDKROOT = watchos;
				SKIP_INSTALL = YES;
				SWIFT_VERSION = 5.0;
				TARGETED_DEVICE_FAMILY = 4;
				WATCHOS_DEPLOYMENT_TARGET = 7.0;
			};
			name = Release;
		};
		91AD925024A4C42E00925D4D /* Debug */ = {
			isa = XCBuildConfiguration;
			buildSettings = {
				ASSETCATALOG_COMPILER_COMPLICATION_NAME = Complication;
				CODE_SIGN_ENTITLEMENTS = "OCKWatchSample Extension/OCKWatchSample Extension.entitlements";
				CODE_SIGN_STYLE = Automatic;
				DEBUG_INFORMATION_FORMAT = dwarf;
				DEVELOPMENT_ASSET_PATHS = "\"OCKWatchSample Extension/Preview Content\"";
				DEVELOPMENT_TEAM = K26KDKYY38;
				ENABLE_PREVIEWS = YES;
				FRAMEWORK_SEARCH_PATHS = (
					"$(inherited)",
					"$(PROJECT_DIR)",
				);
				INFOPLIST_FILE = "OCKWatchSample Extension/Info.plist";
				LD_RUNPATH_SEARCH_PATHS = (
					"$(inherited)",
					"@executable_path/Frameworks",
					"@executable_path/../../Frameworks",
				);
				PRODUCT_BUNDLE_IDENTIFIER = edu.uky.netrecon.ParseCarekitSample.watchkitapp.watchkitextension;
				PRODUCT_NAME = "${TARGET_NAME}";
				SDKROOT = watchos;
				SKIP_INSTALL = YES;
				SWIFT_VERSION = 5.0;
				TARGETED_DEVICE_FAMILY = 4;
				WATCHOS_DEPLOYMENT_TARGET = 7.0;
			};
			name = Debug;
		};
		91AD925124A4C42E00925D4D /* Release */ = {
			isa = XCBuildConfiguration;
			buildSettings = {
				ASSETCATALOG_COMPILER_COMPLICATION_NAME = Complication;
				CODE_SIGN_ENTITLEMENTS = "OCKWatchSample Extension/OCKWatchSample Extension.entitlements";
				CODE_SIGN_STYLE = Automatic;
				DEVELOPMENT_ASSET_PATHS = "\"OCKWatchSample Extension/Preview Content\"";
				DEVELOPMENT_TEAM = K26KDKYY38;
				ENABLE_PREVIEWS = YES;
				FRAMEWORK_SEARCH_PATHS = (
					"$(inherited)",
					"$(PROJECT_DIR)",
				);
				INFOPLIST_FILE = "OCKWatchSample Extension/Info.plist";
				LD_RUNPATH_SEARCH_PATHS = (
					"$(inherited)",
					"@executable_path/Frameworks",
					"@executable_path/../../Frameworks",
				);
				PRODUCT_BUNDLE_IDENTIFIER = edu.uky.netrecon.ParseCarekitSample.watchkitapp.watchkitextension;
				PRODUCT_NAME = "${TARGET_NAME}";
				SDKROOT = watchos;
				SKIP_INSTALL = YES;
				SWIFT_VERSION = 5.0;
				TARGETED_DEVICE_FAMILY = 4;
				WATCHOS_DEPLOYMENT_TARGET = 7.0;
			};
			name = Release;
		};
		E72B2C16226939E4009A9438 /* Debug */ = {
			isa = XCBuildConfiguration;
			buildSettings = {
				ALWAYS_SEARCH_USER_PATHS = NO;
				CLANG_ANALYZER_LOCALIZABILITY_NONLOCALIZED = YES;
				CLANG_ANALYZER_NONNULL = YES;
				CLANG_ANALYZER_NUMBER_OBJECT_CONVERSION = YES_AGGRESSIVE;
				CLANG_CXX_LANGUAGE_STANDARD = "gnu++14";
				CLANG_CXX_LIBRARY = "libc++";
				CLANG_ENABLE_MODULES = YES;
				CLANG_ENABLE_OBJC_ARC = YES;
				CLANG_ENABLE_OBJC_WEAK = YES;
				CLANG_WARN_BLOCK_CAPTURE_AUTORELEASING = YES;
				CLANG_WARN_BOOL_CONVERSION = YES;
				CLANG_WARN_COMMA = YES;
				CLANG_WARN_CONSTANT_CONVERSION = YES;
				CLANG_WARN_DEPRECATED_OBJC_IMPLEMENTATIONS = YES;
				CLANG_WARN_DIRECT_OBJC_ISA_USAGE = YES_ERROR;
				CLANG_WARN_DOCUMENTATION_COMMENTS = YES;
				CLANG_WARN_EMPTY_BODY = YES;
				CLANG_WARN_ENUM_CONVERSION = YES;
				CLANG_WARN_INFINITE_RECURSION = YES;
				CLANG_WARN_INT_CONVERSION = YES;
				CLANG_WARN_NON_LITERAL_NULL_CONVERSION = YES;
				CLANG_WARN_OBJC_IMPLICIT_RETAIN_SELF = YES;
				CLANG_WARN_OBJC_LITERAL_CONVERSION = YES;
				CLANG_WARN_OBJC_ROOT_CLASS = YES_ERROR;
				CLANG_WARN_QUOTED_INCLUDE_IN_FRAMEWORK_HEADER = YES;
				CLANG_WARN_RANGE_LOOP_ANALYSIS = YES;
				CLANG_WARN_STRICT_PROTOTYPES = YES;
				CLANG_WARN_SUSPICIOUS_MOVE = YES;
				CLANG_WARN_UNGUARDED_AVAILABILITY = YES_AGGRESSIVE;
				CLANG_WARN_UNREACHABLE_CODE = YES;
				CLANG_WARN__DUPLICATE_METHOD_MATCH = YES;
				CODE_SIGN_IDENTITY = "iPhone Developer";
				COPY_PHASE_STRIP = NO;
				DEBUG_INFORMATION_FORMAT = "dwarf-with-dsym";
				ENABLE_STRICT_OBJC_MSGSEND = YES;
				ENABLE_TESTABILITY = YES;
				GCC_C_LANGUAGE_STANDARD = gnu11;
				GCC_DYNAMIC_NO_PIC = NO;
				GCC_NO_COMMON_BLOCKS = YES;
				GCC_OPTIMIZATION_LEVEL = 0;
				GCC_PREPROCESSOR_DEFINITIONS = (
					"DEBUG=1",
					"$(inherited)",
				);
				GCC_WARN_64_TO_32_BIT_CONVERSION = YES;
				GCC_WARN_ABOUT_RETURN_TYPE = YES_ERROR;
				GCC_WARN_UNDECLARED_SELECTOR = YES;
				GCC_WARN_UNINITIALIZED_AUTOS = YES_AGGRESSIVE;
				GCC_WARN_UNUSED_FUNCTION = YES;
				GCC_WARN_UNUSED_VARIABLE = YES;
				IPHONEOS_DEPLOYMENT_TARGET = 13.0;
				MTL_ENABLE_DEBUG_INFO = INCLUDE_SOURCE;
				MTL_FAST_MATH = YES;
				ONLY_ACTIVE_ARCH = YES;
				SDKROOT = iphoneos;
				SWIFT_ACTIVE_COMPILATION_CONDITIONS = DEBUG;
				SWIFT_OPTIMIZATION_LEVEL = "-Onone";
				SWIFT_TREAT_WARNINGS_AS_ERRORS = YES;
				SWIFT_VERSION = 5.0;
			};
			name = Debug;
		};
		E72B2C19226939E4009A9438 /* Debug */ = {
			isa = XCBuildConfiguration;
			buildSettings = {
				ASSETCATALOG_COMPILER_APPICON_NAME = AppIcon;
				CODE_SIGN_ENTITLEMENTS = OCKSample/OCKSample.entitlements;
				CODE_SIGN_IDENTITY = "Apple Development";
				CODE_SIGN_STYLE = Automatic;
				CURRENT_PROJECT_VERSION = 1.0;
				DEVELOPMENT_TEAM = K26KDKYY38;
				ENABLE_BITCODE = YES;
				FRAMEWORK_SEARCH_PATHS = (
					"$(inherited)",
					"$(PROJECT_DIR)",
				);
				GCC_TREAT_WARNINGS_AS_ERRORS = NO;
				INFOPLIST_FILE = "$(SRCROOT)/OCKSample/Supporting Files/Info.plist";
				LD_RUNPATH_SEARCH_PATHS = (
					"$(inherited)",
					"@executable_path/Frameworks",
				);
				PRODUCT_BUNDLE_IDENTIFIER = edu.uky.netrecon.ParseCarekitSample;
				PRODUCT_NAME = "$(TARGET_NAME)";
				PROVISIONING_PROFILE_SPECIFIER = "";
				SWIFT_TREAT_WARNINGS_AS_ERRORS = NO;
				TARGETED_DEVICE_FAMILY = 1;
			};
			name = Debug;
		};
/* End XCBuildConfiguration section */

/* Begin XCConfigurationList section */
		5173CB9723C3A846007655A0 /* Build configuration list for PBXNativeTarget "OCKSampleUITests" */ = {
			isa = XCConfigurationList;
			buildConfigurations = (
				5173CB8E23C3A846007655A0 /* Debug */,
				5173CB9023C3A846007655A0 /* Release */,
			);
			defaultConfigurationIsVisible = 0;
			defaultConfigurationName = Debug;
		};
		91AD925224A4C42E00925D4D /* Build configuration list for PBXNativeTarget "OCKWatchSample Extension" */ = {
			isa = XCConfigurationList;
			buildConfigurations = (
				91AD925024A4C42E00925D4D /* Debug */,
				91AD925124A4C42E00925D4D /* Release */,
			);
			defaultConfigurationIsVisible = 0;
			defaultConfigurationName = Debug;
		};
		91AD925324A4C42E00925D4D /* Build configuration list for PBXNativeTarget "OCKWatchSample" */ = {
			isa = XCConfigurationList;
			buildConfigurations = (
				91AD924D24A4C42E00925D4D /* Debug */,
				91AD924E24A4C42E00925D4D /* Release */,
			);
			defaultConfigurationIsVisible = 0;
			defaultConfigurationName = Debug;
		};
		E72B2C01226939E3009A9438 /* Build configuration list for PBXProject "OCKSample" */ = {
			isa = XCConfigurationList;
			buildConfigurations = (
				E72B2C16226939E4009A9438 /* Debug */,
				052F8B2F235778A200E45940 /* Release */,
			);
			defaultConfigurationIsVisible = 0;
			defaultConfigurationName = Debug;
		};
		E72B2C18226939E4009A9438 /* Build configuration list for PBXNativeTarget "OCKSample" */ = {
			isa = XCConfigurationList;
			buildConfigurations = (
				E72B2C19226939E4009A9438 /* Debug */,
				052F8B30235778A200E45940 /* Release */,
			);
			defaultConfigurationIsVisible = 0;
			defaultConfigurationName = Debug;
		};
/* End XCConfigurationList section */

/* Begin XCRemoteSwiftPackageReference section */
		70A7940F25C3445D0003F0FF /* XCRemoteSwiftPackageReference "ParseCareKit" */ = {
			isa = XCRemoteSwiftPackageReference;
			repositoryURL = "https://github.com/netreconlab/ParseCareKit.git";
			requirement = {
				kind = revision;
				revision = adf7d8fd68419adf604ef1a64b3e8c01eb510f16;
			};
		};
		70BACDF025E4180600AD49DF /* XCRemoteSwiftPackageReference "CareKit" */ = {
			isa = XCRemoteSwiftPackageReference;
			repositoryURL = "https://github.com/carekit-apple/CareKit.git";
			requirement = {
				kind = revision;
				revision = 6e7efbe17c6a4112c54abb7bf9c6387a0d2b132f;
			};
		};
/* End XCRemoteSwiftPackageReference section */

/* Begin XCSwiftPackageProductDependency section */
		70A7941025C3445D0003F0FF /* ParseCareKit */ = {
			isa = XCSwiftPackageProductDependency;
			package = 70A7940F25C3445D0003F0FF /* XCRemoteSwiftPackageReference "ParseCareKit" */;
			productName = ParseCareKit;
		};
		70A7941A25C344790003F0FF /* ParseCareKit */ = {
			isa = XCSwiftPackageProductDependency;
			package = 70A7940F25C3445D0003F0FF /* XCRemoteSwiftPackageReference "ParseCareKit" */;
			productName = ParseCareKit;
		};
		70BACDF125E4180600AD49DF /* CareKitFHIR */ = {
			isa = XCSwiftPackageProductDependency;
			package = 70BACDF025E4180600AD49DF /* XCRemoteSwiftPackageReference "CareKit" */;
			productName = CareKitFHIR;
		};
		70BACDF325E4180600AD49DF /* CareKit */ = {
			isa = XCSwiftPackageProductDependency;
			package = 70BACDF025E4180600AD49DF /* XCRemoteSwiftPackageReference "CareKit" */;
			productName = CareKit;
		};
		70BACDF525E4180600AD49DF /* CareKitUI */ = {
			isa = XCSwiftPackageProductDependency;
			package = 70BACDF025E4180600AD49DF /* XCRemoteSwiftPackageReference "CareKit" */;
			productName = CareKitUI;
		};
		70BACDFA25E4181700AD49DF /* CareKit */ = {
			isa = XCSwiftPackageProductDependency;
			package = 70BACDF025E4180600AD49DF /* XCRemoteSwiftPackageReference "CareKit" */;
			productName = CareKit;
		};
/* End XCSwiftPackageProductDependency section */
	};
	rootObject = E72B2BFE226939E3009A9438 /* Project object */;
}
