// !$*UTF8*$!
{
	archiveVersion = 1;
	classes = {
	};
	objectVersion = 54;
	objects = {

/* Begin PBXBuildFile section */
		5173CB8A23C3A846007655A0 /* OCKSampleUITests.swift in Sources */ = {isa = PBXBuildFile; fileRef = 5173CB8923C3A846007655A0 /* OCKSampleUITests.swift */; };
		70077597252228E900EC0EDA /* User.swift in Sources */ = {isa = PBXBuildFile; fileRef = 70077596252228E900EC0EDA /* User.swift */; };
		7007759B252229C900EC0EDA /* User.swift in Sources */ = {isa = PBXBuildFile; fileRef = 70077596252228E900EC0EDA /* User.swift */; };
		70202EC12807333900CF73FB /* CareKit in Frameworks */ = {isa = PBXBuildFile; productRef = 70202EC02807333900CF73FB /* CareKit */; };
		70202EC32807333900CF73FB /* CareKitFHIR in Frameworks */ = {isa = PBXBuildFile; productRef = 70202EC22807333900CF73FB /* CareKitFHIR */; };
		70202EC52807333A00CF73FB /* CareKitUI in Frameworks */ = {isa = PBXBuildFile; productRef = 70202EC42807333A00CF73FB /* CareKitUI */; };
		70202EC7280733BC00CF73FB /* CareKit in Frameworks */ = {isa = PBXBuildFile; productRef = 70202EC6280733BC00CF73FB /* CareKit */; };
		70221F2828D7809800971195 /* MainTabView.swift in Sources */ = {isa = PBXBuildFile; fileRef = 70221F2728D7809800971195 /* MainTabView.swift */; };
		70221F2A28D7BE0600971195 /* AppDelegate+ParseRemoteDelegate.swift in Sources */ = {isa = PBXBuildFile; fileRef = 70221F2928D7BE0600971195 /* AppDelegate+ParseRemoteDelegate.swift */; };
		70221F2F28D7CDE400971195 /* AppDelegate+ParseRemoteDelegate.swift in Sources */ = {isa = PBXBuildFile; fileRef = 70221F2D28D7CD9200971195 /* AppDelegate+ParseRemoteDelegate.swift */; };
		70221F3428D8ABBE00971195 /* AppDelegate+UIApplicationDelegate.swift in Sources */ = {isa = PBXBuildFile; fileRef = 70221F3328D8ABBE00971195 /* AppDelegate+UIApplicationDelegate.swift */; };
		70221F3828D8C0CB00971195 /* AppDelegateKey.swift in Sources */ = {isa = PBXBuildFile; fileRef = 70F0EFE928C2EE6C0005B5A2 /* AppDelegateKey.swift */; };
		70221F3928D8C10800971195 /* StoreManagerKey.swift in Sources */ = {isa = PBXBuildFile; fileRef = 918FDEC4271B4EA70045A0EF /* StoreManagerKey.swift */; };
		70308886258273D400FFABB6 /* LoginViewModel.swift in Sources */ = {isa = PBXBuildFile; fileRef = 70308885258273D400FFABB6 /* LoginViewModel.swift */; };
		7036E4BF256DA089006E9A3C /* LoginViewModel.swift in Sources */ = {isa = PBXBuildFile; fileRef = 7036E4BE256DA089006E9A3C /* LoginViewModel.swift */; };
		7036E4C4256E0A48006E9A3C /* CareView.swift in Sources */ = {isa = PBXBuildFile; fileRef = 7036E4C3256E0A48006E9A3C /* CareView.swift */; };
		7036E4C9256E1A6F006E9A3C /* ProfileView.swift in Sources */ = {isa = PBXBuildFile; fileRef = 7036E4C8256E1A6F006E9A3C /* ProfileView.swift */; };
		7036E4CE256E9A0C006E9A3C /* ContactView.swift in Sources */ = {isa = PBXBuildFile; fileRef = 7036E4CD256E9A0C006E9A3C /* ContactView.swift */; };
		7036E4D3256EBE35006E9A3C /* MainView.swift in Sources */ = {isa = PBXBuildFile; fileRef = 7036E4D2256EBE35006E9A3C /* MainView.swift */; };
		7036E517256F2413006E9A3C /* ProfileViewModel.swift in Sources */ = {isa = PBXBuildFile; fileRef = 7036E516256F2413006E9A3C /* ProfileViewModel.swift */; };
		7036E64025717F85006E9A3C /* Constants.swift in Sources */ = {isa = PBXBuildFile; fileRef = 7036E63F25717F85006E9A3C /* Constants.swift */; };
		7075151E28DE1A8300A57A0C /* MainView.swift in Sources */ = {isa = PBXBuildFile; fileRef = 7075151C28DE1A7400A57A0C /* MainView.swift */; };
		7075152028DE1BB400A57A0C /* LoginView.swift in Sources */ = {isa = PBXBuildFile; fileRef = 7075151F28DE1BB400A57A0C /* LoginView.swift */; };
		707CC714254DA91900116728 /* Localizable.strings in Resources */ = {isa = PBXBuildFile; fileRef = 707CC70F254DA91900116728 /* Localizable.strings */; };
		707CC715254DA91900116728 /* Localizable.strings in Resources */ = {isa = PBXBuildFile; fileRef = 707CC70F254DA91900116728 /* Localizable.strings */; };
		707CC716254DA91900116728 /* Localizable.stringsdict in Resources */ = {isa = PBXBuildFile; fileRef = 707CC711254DA91900116728 /* Localizable.stringsdict */; };
		707CC717254DA91900116728 /* Localizable.stringsdict in Resources */ = {isa = PBXBuildFile; fileRef = 707CC711254DA91900116728 /* Localizable.stringsdict */; };
		707CC718254DA91900116728 /* OCKLocalization.swift in Sources */ = {isa = PBXBuildFile; fileRef = 707CC713254DA91900116728 /* OCKLocalization.swift */; };
		707CC719254DA91900116728 /* OCKLocalization.swift in Sources */ = {isa = PBXBuildFile; fileRef = 707CC713254DA91900116728 /* OCKLocalization.swift */; };
		7083A856279CA40A00B3832E /* PCKUtility.swift in Sources */ = {isa = PBXBuildFile; fileRef = 7083A855279CA40A00B3832E /* PCKUtility.swift */; };
		7083A857279CA40F00B3832E /* PCKUtility.swift in Sources */ = {isa = PBXBuildFile; fileRef = 7083A855279CA40A00B3832E /* PCKUtility.swift */; };
		708542F9276687F90029E888 /* HealthKit.framework in Frameworks */ = {isa = PBXBuildFile; fileRef = 51F6343923D2877B00FE576E /* HealthKit.framework */; };
		70A98D62278A2683009B58F2 /* Styler.swift in Sources */ = {isa = PBXBuildFile; fileRef = 9169381A271B64E100A634ED /* Styler.swift */; };
		70A98D63278A268B009B58F2 /* ColorStyler.swift in Sources */ = {isa = PBXBuildFile; fileRef = 9169381C271B650700A634ED /* ColorStyler.swift */; };
		70A98D68278A2DF1009B58F2 /* TintColorKey.swift in Sources */ = {isa = PBXBuildFile; fileRef = 918FDEC2271B4E950045A0EF /* TintColorKey.swift */; };
		70C0D474279BA492003DA141 /* Utility.swift in Sources */ = {isa = PBXBuildFile; fileRef = 91693821271B897200A634ED /* Utility.swift */; };
		70CF66E428E1E74C00FAE977 /* TintColorFlipKey.swift in Sources */ = {isa = PBXBuildFile; fileRef = 70CF66E328E1E74C00FAE977 /* TintColorFlipKey.swift */; };
		70CF66E528E1E74C00FAE977 /* TintColorFlipKey.swift in Sources */ = {isa = PBXBuildFile; fileRef = 70CF66E328E1E74C00FAE977 /* TintColorFlipKey.swift */; };
		70DFD80B2567074500B9DB12 /* LoginView.swift in Sources */ = {isa = PBXBuildFile; fileRef = 70BD2B1E254B44DB0030B424 /* LoginView.swift */; };
		70F03A912786073300E5AFB4 /* CareViewModel.swift in Sources */ = {isa = PBXBuildFile; fileRef = 70F03A902786073300E5AFB4 /* CareViewModel.swift */; };
		70F03A932786087800E5AFB4 /* OCKAnyEvent+CustomStringConvertable.swift in Sources */ = {isa = PBXBuildFile; fileRef = 70F03A922786087800E5AFB4 /* OCKAnyEvent+CustomStringConvertable.swift */; };
		70F03A952786093B00E5AFB4 /* OCKHealthKitPassthroughStore.swift in Sources */ = {isa = PBXBuildFile; fileRef = 70F03A942786093B00E5AFB4 /* OCKHealthKitPassthroughStore.swift */; };
		70F03A972786098F00E5AFB4 /* OCKStore.swift in Sources */ = {isa = PBXBuildFile; fileRef = 70F03A962786098F00E5AFB4 /* OCKStore.swift */; };
		70F03A9927860A0800E5AFB4 /* OCKSynchronizedStoreManager+Publishers.swift in Sources */ = {isa = PBXBuildFile; fileRef = 70F03A9827860A0800E5AFB4 /* OCKSynchronizedStoreManager+Publishers.swift */; };
		70F03A9B27860A2000E5AFB4 /* OCKAnyEvent+CustomStringConvertable.swift in Sources */ = {isa = PBXBuildFile; fileRef = 70F03A922786087800E5AFB4 /* OCKAnyEvent+CustomStringConvertable.swift */; };
		70F03A9C27860A2000E5AFB4 /* OCKStore.swift in Sources */ = {isa = PBXBuildFile; fileRef = 70F03A962786098F00E5AFB4 /* OCKStore.swift */; };
		70F03A9D27860A5600E5AFB4 /* OCKSynchronizedStoreManager+Publishers.swift in Sources */ = {isa = PBXBuildFile; fileRef = 70F03A9827860A0800E5AFB4 /* OCKSynchronizedStoreManager+Publishers.swift */; };
		70F03A9F27860A8800E5AFB4 /* OCKOutcomeValue+Identifiable.swift in Sources */ = {isa = PBXBuildFile; fileRef = 70F03A9E27860A8800E5AFB4 /* OCKOutcomeValue+Identifiable.swift */; };
		70F03AA127860AB700E5AFB4 /* OCKOutcome.swift in Sources */ = {isa = PBXBuildFile; fileRef = 70F03AA027860AB700E5AFB4 /* OCKOutcome.swift */; };
		70F03AA327860AFF00E5AFB4 /* OCKPatient+Parse.swift in Sources */ = {isa = PBXBuildFile; fileRef = 70F03AA227860AFF00E5AFB4 /* OCKPatient+Parse.swift */; };
		70F03AA427860B2500E5AFB4 /* OCKOutcome.swift in Sources */ = {isa = PBXBuildFile; fileRef = 70F03AA027860AB700E5AFB4 /* OCKOutcome.swift */; };
		70F03AA527860B2500E5AFB4 /* OCKOutcomeValue+Identifiable.swift in Sources */ = {isa = PBXBuildFile; fileRef = 70F03A9E27860A8800E5AFB4 /* OCKOutcomeValue+Identifiable.swift */; };
		70F03AA627860B2500E5AFB4 /* OCKPatient+Parse.swift in Sources */ = {isa = PBXBuildFile; fileRef = 70F03AA227860AFF00E5AFB4 /* OCKPatient+Parse.swift */; };
		70F03AA827860E7700E5AFB4 /* FontColorKey.swift in Sources */ = {isa = PBXBuildFile; fileRef = 70F03AA727860E7700E5AFB4 /* FontColorKey.swift */; };
		70F03AB42788C76700E5AFB4 /* ParseCareKit.plist in Resources */ = {isa = PBXBuildFile; fileRef = 91AD922124A45A3900925D4D /* ParseCareKit.plist */; };
		70F0EFE828C2EC050005B5A2 /* OCKSampleApp.swift in Sources */ = {isa = PBXBuildFile; fileRef = 70F0EFE728C2EC050005B5A2 /* OCKSampleApp.swift */; };
		70F0EFEA28C2EE6C0005B5A2 /* AppDelegateKey.swift in Sources */ = {isa = PBXBuildFile; fileRef = 70F0EFE928C2EE6C0005B5A2 /* AppDelegateKey.swift */; };
		70F921A827CA9A3A00368CEC /* CustomStylerKey.swift in Sources */ = {isa = PBXBuildFile; fileRef = 70F921A727CA9A3A00368CEC /* CustomStylerKey.swift */; };
		70F921A927CA9A4000368CEC /* CustomStylerKey.swift in Sources */ = {isa = PBXBuildFile; fileRef = 70F921A727CA9A3A00368CEC /* CustomStylerKey.swift */; };
		70F921AC27CABE3000368CEC /* SessionDelegate.swift in Sources */ = {isa = PBXBuildFile; fileRef = 70F921AB27CABE3000368CEC /* SessionDelegate.swift */; };
		70F921AE27CABE7700368CEC /* RemoteSessionDelegate.swift in Sources */ = {isa = PBXBuildFile; fileRef = 70F921AD27CABE7700368CEC /* RemoteSessionDelegate.swift */; };
		70F921B027CABED600368CEC /* LocalSyncSessionDelegate.swift in Sources */ = {isa = PBXBuildFile; fileRef = 70F921AF27CABED600368CEC /* LocalSyncSessionDelegate.swift */; };
		70F921B127CAC16E00368CEC /* SessionDelegate.swift in Sources */ = {isa = PBXBuildFile; fileRef = 70F921AB27CABE3000368CEC /* SessionDelegate.swift */; };
		70F921B227CAC16E00368CEC /* RemoteSessionDelegate.swift in Sources */ = {isa = PBXBuildFile; fileRef = 70F921AD27CABE7700368CEC /* RemoteSessionDelegate.swift */; };
		70F921B327CAC16E00368CEC /* LocalSyncSessionDelegate.swift in Sources */ = {isa = PBXBuildFile; fileRef = 70F921AF27CABED600368CEC /* LocalSyncSessionDelegate.swift */; };
		9103AA5227B8C913002C921E /* FontColorKey.swift in Sources */ = {isa = PBXBuildFile; fileRef = 70F03AA727860E7700E5AFB4 /* FontColorKey.swift */; };
		91693818271B5E1600A634ED /* Constants.swift in Sources */ = {isa = PBXBuildFile; fileRef = 7036E63F25717F85006E9A3C /* Constants.swift */; };
		9169381B271B64E100A634ED /* Styler.swift in Sources */ = {isa = PBXBuildFile; fileRef = 9169381A271B64E100A634ED /* Styler.swift */; };
		9169381D271B650700A634ED /* ColorStyler.swift in Sources */ = {isa = PBXBuildFile; fileRef = 9169381C271B650700A634ED /* ColorStyler.swift */; };
		91693820271B80EA00A634ED /* CONTRIBUTING.md in Resources */ = {isa = PBXBuildFile; fileRef = 9169381F271B80EA00A634ED /* CONTRIBUTING.md */; };
		91693822271B897200A634ED /* Utility.swift in Sources */ = {isa = PBXBuildFile; fileRef = 91693821271B897200A634ED /* Utility.swift */; };
		918FDEAF271B3F8F0045A0EF /* ParseCareKit in Frameworks */ = {isa = PBXBuildFile; productRef = 918FDEAE271B3F8F0045A0EF /* ParseCareKit */; };
		918FDEB1271B3F9B0045A0EF /* ParseCareKit in Frameworks */ = {isa = PBXBuildFile; productRef = 918FDEB0271B3F9B0045A0EF /* ParseCareKit */; };
		918FDEB5271B40590045A0EF /* Installation.swift in Sources */ = {isa = PBXBuildFile; fileRef = 918FDEB4271B40590045A0EF /* Installation.swift */; };
		918FDEB7271B41FF0045A0EF /* Logger.swift in Sources */ = {isa = PBXBuildFile; fileRef = 918FDEB6271B41FF0045A0EF /* Logger.swift */; };
		918FDEB8271B49060045A0EF /* Logger.swift in Sources */ = {isa = PBXBuildFile; fileRef = 918FDEB6271B41FF0045A0EF /* Logger.swift */; };
		918FDEB9271B493A0045A0EF /* Installation.swift in Sources */ = {isa = PBXBuildFile; fileRef = 918FDEB4271B40590045A0EF /* Installation.swift */; };
		918FDEBC271B4E4A0045A0EF /* Calendar+Dates.swift in Sources */ = {isa = PBXBuildFile; fileRef = 918FDEBB271B4E4A0045A0EF /* Calendar+Dates.swift */; };
		918FDEC3271B4E950045A0EF /* TintColorKey.swift in Sources */ = {isa = PBXBuildFile; fileRef = 918FDEC2271B4E950045A0EF /* TintColorKey.swift */; };
		918FDEC5271B4EA70045A0EF /* StoreManagerKey.swift in Sources */ = {isa = PBXBuildFile; fileRef = 918FDEC4271B4EA70045A0EF /* StoreManagerKey.swift */; };
		91AD922224A45A3900925D4D /* ParseCareKit.plist in Resources */ = {isa = PBXBuildFile; fileRef = 91AD922124A45A3900925D4D /* ParseCareKit.plist */; };
		91AD922424A461D200925D4D /* README.md in Resources */ = {isa = PBXBuildFile; fileRef = 91AD922324A461D200925D4D /* README.md */; };
		91AD922D24A4C42D00925D4D /* Assets.xcassets in Resources */ = {isa = PBXBuildFile; fileRef = 91AD922C24A4C42D00925D4D /* Assets.xcassets */; };
		91AD923924A4C42D00925D4D /* OCKWatchSampleApp.swift in Sources */ = {isa = PBXBuildFile; fileRef = 91AD923824A4C42D00925D4D /* OCKWatchSampleApp.swift */; };
		91AD923B24A4C42D00925D4D /* CareView.swift in Sources */ = {isa = PBXBuildFile; fileRef = 91AD923A24A4C42D00925D4D /* CareView.swift */; };
		91AD923D24A4C42D00925D4D /* AppDelegate.swift in Sources */ = {isa = PBXBuildFile; fileRef = 91AD923C24A4C42D00925D4D /* AppDelegate.swift */; };
		91AD923F24A4C42D00925D4D /* NotificationController.swift in Sources */ = {isa = PBXBuildFile; fileRef = 91AD923E24A4C42D00925D4D /* NotificationController.swift */; };
		91AD924124A4C42D00925D4D /* NotificationView.swift in Sources */ = {isa = PBXBuildFile; fileRef = 91AD924024A4C42D00925D4D /* NotificationView.swift */; };
		91AD924324A4C42E00925D4D /* Assets.xcassets in Resources */ = {isa = PBXBuildFile; fileRef = 91AD924224A4C42E00925D4D /* Assets.xcassets */; };
		91AD924624A4C42E00925D4D /* Preview Assets.xcassets in Resources */ = {isa = PBXBuildFile; fileRef = 91AD924524A4C42E00925D4D /* Preview Assets.xcassets */; };
		91AD924B24A4C42E00925D4D /* OCKWatchSample.app in Embed Watch Content */ = {isa = PBXBuildFile; fileRef = 91AD922724A4C42B00925D4D /* OCKWatchSample.app */; settings = {ATTRIBUTES = (RemoveHeadersOnCopy, ); }; };
		E72B2C0A226939E3009A9438 /* AppDelegate.swift in Sources */ = {isa = PBXBuildFile; fileRef = E72B2C09226939E3009A9438 /* AppDelegate.swift */; };
		E72B2C14226939E4009A9438 /* LaunchScreen.storyboard in Resources */ = {isa = PBXBuildFile; fileRef = E72B2C12226939E4009A9438 /* LaunchScreen.storyboard */; };
		E7440E4F229477F7007AD30A /* CareViewController.swift in Sources */ = {isa = PBXBuildFile; fileRef = E7440E4E229477F7007AD30A /* CareViewController.swift */; };
		E7C37849228F887800E982D8 /* TipView.swift in Sources */ = {isa = PBXBuildFile; fileRef = E7C37848228F887800E982D8 /* TipView.swift */; };
		E7C4CA0B22809AD500ECC3D7 /* Assets.xcassets in Resources */ = {isa = PBXBuildFile; fileRef = E7C4CA0A22809AD500ECC3D7 /* Assets.xcassets */; };
/* End PBXBuildFile section */

/* Begin PBXContainerItemProxy section */
		5173CB8C23C3A846007655A0 /* PBXContainerItemProxy */ = {
			isa = PBXContainerItemProxy;
			containerPortal = E72B2BFE226939E3009A9438 /* Project object */;
			proxyType = 1;
			remoteGlobalIDString = E72B2C05226939E3009A9438;
			remoteInfo = OCKSample;
		};
		91AD924924A4C42E00925D4D /* PBXContainerItemProxy */ = {
			isa = PBXContainerItemProxy;
			containerPortal = E72B2BFE226939E3009A9438 /* Project object */;
			proxyType = 1;
			remoteGlobalIDString = 91AD922624A4C42B00925D4D;
			remoteInfo = OCKWatchSample;
		};
/* End PBXContainerItemProxy section */

/* Begin PBXCopyFilesBuildPhase section */
		51431FA223D166AE006A7CFD /* Embed Frameworks */ = {
			isa = PBXCopyFilesBuildPhase;
			buildActionMask = 2147483647;
			dstPath = "";
			dstSubfolderSpec = 10;
			files = (
			);
			name = "Embed Frameworks";
			runOnlyForDeploymentPostprocessing = 0;
		};
		91AD924C24A4C42E00925D4D /* Embed Watch Content */ = {
			isa = PBXCopyFilesBuildPhase;
			buildActionMask = 2147483647;
			dstPath = "$(CONTENTS_FOLDER_PATH)/Watch";
			dstSubfolderSpec = 16;
			files = (
				91AD924B24A4C42E00925D4D /* OCKWatchSample.app in Embed Watch Content */,
			);
			name = "Embed Watch Content";
			runOnlyForDeploymentPostprocessing = 0;
		};
/* End PBXCopyFilesBuildPhase section */

/* Begin PBXFileReference section */
		03580E3E23CFA2E400A57818 /* OCKSample.entitlements */ = {isa = PBXFileReference; lastKnownFileType = text.plist.entitlements; path = OCKSample.entitlements; sourceTree = "<group>"; };
		0520468223C3C1F2004F0F36 /* OCKSample.xctestplan */ = {isa = PBXFileReference; lastKnownFileType = text; path = OCKSample.xctestplan; sourceTree = "<group>"; };
		5173CB8723C3A846007655A0 /* OCKSampleUITests.xctest */ = {isa = PBXFileReference; explicitFileType = wrapper.cfbundle; includeInIndex = 0; path = OCKSampleUITests.xctest; sourceTree = BUILT_PRODUCTS_DIR; };
		5173CB8923C3A846007655A0 /* OCKSampleUITests.swift */ = {isa = PBXFileReference; lastKnownFileType = sourcecode.swift; path = OCKSampleUITests.swift; sourceTree = "<group>"; };
		5173CB8B23C3A846007655A0 /* Info.plist */ = {isa = PBXFileReference; lastKnownFileType = text.plist.xml; path = Info.plist; sourceTree = "<group>"; };
		51F6343923D2877B00FE576E /* HealthKit.framework */ = {isa = PBXFileReference; lastKnownFileType = wrapper.framework; name = HealthKit.framework; path = System/Library/Frameworks/HealthKit.framework; sourceTree = SDKROOT; };
		70077596252228E900EC0EDA /* User.swift */ = {isa = PBXFileReference; lastKnownFileType = sourcecode.swift; path = User.swift; sourceTree = "<group>"; };
		70221F2728D7809800971195 /* MainTabView.swift */ = {isa = PBXFileReference; lastKnownFileType = sourcecode.swift; path = MainTabView.swift; sourceTree = "<group>"; };
		70221F2928D7BE0600971195 /* AppDelegate+ParseRemoteDelegate.swift */ = {isa = PBXFileReference; lastKnownFileType = sourcecode.swift; path = "AppDelegate+ParseRemoteDelegate.swift"; sourceTree = "<group>"; };
		70221F2D28D7CD9200971195 /* AppDelegate+ParseRemoteDelegate.swift */ = {isa = PBXFileReference; lastKnownFileType = sourcecode.swift; path = "AppDelegate+ParseRemoteDelegate.swift"; sourceTree = "<group>"; };
		70221F3328D8ABBE00971195 /* AppDelegate+UIApplicationDelegate.swift */ = {isa = PBXFileReference; lastKnownFileType = sourcecode.swift; path = "AppDelegate+UIApplicationDelegate.swift"; sourceTree = "<group>"; };
		70308885258273D400FFABB6 /* LoginViewModel.swift */ = {isa = PBXFileReference; lastKnownFileType = sourcecode.swift; path = LoginViewModel.swift; sourceTree = "<group>"; };
		7036E4BE256DA089006E9A3C /* LoginViewModel.swift */ = {isa = PBXFileReference; lastKnownFileType = sourcecode.swift; path = LoginViewModel.swift; sourceTree = "<group>"; };
		7036E4C3256E0A48006E9A3C /* CareView.swift */ = {isa = PBXFileReference; lastKnownFileType = sourcecode.swift; path = CareView.swift; sourceTree = "<group>"; };
		7036E4C8256E1A6F006E9A3C /* ProfileView.swift */ = {isa = PBXFileReference; lastKnownFileType = sourcecode.swift; path = ProfileView.swift; sourceTree = "<group>"; };
		7036E4CD256E9A0C006E9A3C /* ContactView.swift */ = {isa = PBXFileReference; lastKnownFileType = sourcecode.swift; path = ContactView.swift; sourceTree = "<group>"; };
		7036E4D2256EBE35006E9A3C /* MainView.swift */ = {isa = PBXFileReference; lastKnownFileType = sourcecode.swift; path = MainView.swift; sourceTree = "<group>"; };
		7036E516256F2413006E9A3C /* ProfileViewModel.swift */ = {isa = PBXFileReference; lastKnownFileType = sourcecode.swift; path = ProfileViewModel.swift; sourceTree = "<group>"; };
		7036E63F25717F85006E9A3C /* Constants.swift */ = {isa = PBXFileReference; lastKnownFileType = sourcecode.swift; path = Constants.swift; sourceTree = "<group>"; };
		705B22BE25E2C1A700C472AC /* OCKWatchSample Extension.entitlements */ = {isa = PBXFileReference; lastKnownFileType = text.plist.entitlements; path = "OCKWatchSample Extension.entitlements"; sourceTree = "<group>"; };
		7075151C28DE1A7400A57A0C /* MainView.swift */ = {isa = PBXFileReference; lastKnownFileType = sourcecode.swift; path = MainView.swift; sourceTree = "<group>"; };
		7075151F28DE1BB400A57A0C /* LoginView.swift */ = {isa = PBXFileReference; lastKnownFileType = sourcecode.swift; path = LoginView.swift; sourceTree = "<group>"; };
		707CC710254DA91900116728 /* en */ = {isa = PBXFileReference; lastKnownFileType = text.plist.strings; name = en; path = en.lproj/Localizable.strings; sourceTree = "<group>"; };
		707CC712254DA91900116728 /* en */ = {isa = PBXFileReference; lastKnownFileType = text.plist.stringsdict; name = en; path = en.lproj/Localizable.stringsdict; sourceTree = "<group>"; };
		707CC713254DA91900116728 /* OCKLocalization.swift */ = {isa = PBXFileReference; fileEncoding = 4; lastKnownFileType = sourcecode.swift; path = OCKLocalization.swift; sourceTree = "<group>"; };
		7083A855279CA40A00B3832E /* PCKUtility.swift */ = {isa = PBXFileReference; lastKnownFileType = sourcecode.swift; path = PCKUtility.swift; sourceTree = "<group>"; };
		70BD2B1E254B44DB0030B424 /* LoginView.swift */ = {isa = PBXFileReference; lastKnownFileType = sourcecode.swift; path = LoginView.swift; sourceTree = "<group>"; };
		70CF66E328E1E74C00FAE977 /* TintColorFlipKey.swift */ = {isa = PBXFileReference; lastKnownFileType = sourcecode.swift; path = TintColorFlipKey.swift; sourceTree = "<group>"; };
		70F03A902786073300E5AFB4 /* CareViewModel.swift */ = {isa = PBXFileReference; lastKnownFileType = sourcecode.swift; path = CareViewModel.swift; sourceTree = "<group>"; };
		70F03A922786087800E5AFB4 /* OCKAnyEvent+CustomStringConvertable.swift */ = {isa = PBXFileReference; lastKnownFileType = sourcecode.swift; path = "OCKAnyEvent+CustomStringConvertable.swift"; sourceTree = "<group>"; };
		70F03A942786093B00E5AFB4 /* OCKHealthKitPassthroughStore.swift */ = {isa = PBXFileReference; lastKnownFileType = sourcecode.swift; path = OCKHealthKitPassthroughStore.swift; sourceTree = "<group>"; };
		70F03A962786098F00E5AFB4 /* OCKStore.swift */ = {isa = PBXFileReference; lastKnownFileType = sourcecode.swift; path = OCKStore.swift; sourceTree = "<group>"; };
		70F03A9827860A0800E5AFB4 /* OCKSynchronizedStoreManager+Publishers.swift */ = {isa = PBXFileReference; lastKnownFileType = sourcecode.swift; path = "OCKSynchronizedStoreManager+Publishers.swift"; sourceTree = "<group>"; };
		70F03A9E27860A8800E5AFB4 /* OCKOutcomeValue+Identifiable.swift */ = {isa = PBXFileReference; lastKnownFileType = sourcecode.swift; path = "OCKOutcomeValue+Identifiable.swift"; sourceTree = "<group>"; };
		70F03AA027860AB700E5AFB4 /* OCKOutcome.swift */ = {isa = PBXFileReference; lastKnownFileType = sourcecode.swift; path = OCKOutcome.swift; sourceTree = "<group>"; };
		70F03AA227860AFF00E5AFB4 /* OCKPatient+Parse.swift */ = {isa = PBXFileReference; lastKnownFileType = sourcecode.swift; path = "OCKPatient+Parse.swift"; sourceTree = "<group>"; };
		70F03AA727860E7700E5AFB4 /* FontColorKey.swift */ = {isa = PBXFileReference; lastKnownFileType = sourcecode.swift; path = FontColorKey.swift; sourceTree = "<group>"; };
		70F0EFE728C2EC050005B5A2 /* OCKSampleApp.swift */ = {isa = PBXFileReference; lastKnownFileType = sourcecode.swift; path = OCKSampleApp.swift; sourceTree = "<group>"; };
		70F0EFE928C2EE6C0005B5A2 /* AppDelegateKey.swift */ = {isa = PBXFileReference; lastKnownFileType = sourcecode.swift; path = AppDelegateKey.swift; sourceTree = "<group>"; };
		70F921A727CA9A3A00368CEC /* CustomStylerKey.swift */ = {isa = PBXFileReference; lastKnownFileType = sourcecode.swift; path = CustomStylerKey.swift; sourceTree = "<group>"; };
		70F921AB27CABE3000368CEC /* SessionDelegate.swift */ = {isa = PBXFileReference; lastKnownFileType = sourcecode.swift; path = SessionDelegate.swift; sourceTree = "<group>"; };
		70F921AD27CABE7700368CEC /* RemoteSessionDelegate.swift */ = {isa = PBXFileReference; lastKnownFileType = sourcecode.swift; path = RemoteSessionDelegate.swift; sourceTree = "<group>"; };
		70F921AF27CABED600368CEC /* LocalSyncSessionDelegate.swift */ = {isa = PBXFileReference; lastKnownFileType = sourcecode.swift; path = LocalSyncSessionDelegate.swift; sourceTree = "<group>"; };
		9169381A271B64E100A634ED /* Styler.swift */ = {isa = PBXFileReference; lastKnownFileType = sourcecode.swift; path = Styler.swift; sourceTree = "<group>"; };
		9169381C271B650700A634ED /* ColorStyler.swift */ = {isa = PBXFileReference; lastKnownFileType = sourcecode.swift; path = ColorStyler.swift; sourceTree = "<group>"; };
		9169381F271B80EA00A634ED /* CONTRIBUTING.md */ = {isa = PBXFileReference; fileEncoding = 4; lastKnownFileType = net.daringfireball.markdown; path = CONTRIBUTING.md; sourceTree = "<group>"; };
		91693821271B897200A634ED /* Utility.swift */ = {isa = PBXFileReference; lastKnownFileType = sourcecode.swift; path = Utility.swift; sourceTree = "<group>"; };
		918FDEB4271B40590045A0EF /* Installation.swift */ = {isa = PBXFileReference; lastKnownFileType = sourcecode.swift; path = Installation.swift; sourceTree = "<group>"; };
		918FDEB6271B41FF0045A0EF /* Logger.swift */ = {isa = PBXFileReference; lastKnownFileType = sourcecode.swift; path = Logger.swift; sourceTree = "<group>"; };
		918FDEBB271B4E4A0045A0EF /* Calendar+Dates.swift */ = {isa = PBXFileReference; lastKnownFileType = sourcecode.swift; path = "Calendar+Dates.swift"; sourceTree = "<group>"; };
		918FDEC2271B4E950045A0EF /* TintColorKey.swift */ = {isa = PBXFileReference; lastKnownFileType = sourcecode.swift; path = TintColorKey.swift; sourceTree = "<group>"; };
		918FDEC4271B4EA70045A0EF /* StoreManagerKey.swift */ = {isa = PBXFileReference; lastKnownFileType = sourcecode.swift; path = StoreManagerKey.swift; sourceTree = "<group>"; };
		91AD922124A45A3900925D4D /* ParseCareKit.plist */ = {isa = PBXFileReference; fileEncoding = 4; lastKnownFileType = text.plist.xml; path = ParseCareKit.plist; sourceTree = "<group>"; };
		91AD922324A461D200925D4D /* README.md */ = {isa = PBXFileReference; fileEncoding = 4; lastKnownFileType = net.daringfireball.markdown; path = README.md; sourceTree = "<group>"; };
		91AD922724A4C42B00925D4D /* OCKWatchSample.app */ = {isa = PBXFileReference; explicitFileType = wrapper.application; includeInIndex = 0; path = OCKWatchSample.app; sourceTree = BUILT_PRODUCTS_DIR; };
		91AD922C24A4C42D00925D4D /* Assets.xcassets */ = {isa = PBXFileReference; lastKnownFileType = folder.assetcatalog; path = Assets.xcassets; sourceTree = "<group>"; };
		91AD922E24A4C42D00925D4D /* Info.plist */ = {isa = PBXFileReference; lastKnownFileType = text.plist.xml; path = Info.plist; sourceTree = "<group>"; };
		91AD923824A4C42D00925D4D /* OCKWatchSampleApp.swift */ = {isa = PBXFileReference; lastKnownFileType = sourcecode.swift; path = OCKWatchSampleApp.swift; sourceTree = "<group>"; };
		91AD923A24A4C42D00925D4D /* CareView.swift */ = {isa = PBXFileReference; lastKnownFileType = sourcecode.swift; path = CareView.swift; sourceTree = "<group>"; };
		91AD923C24A4C42D00925D4D /* AppDelegate.swift */ = {isa = PBXFileReference; lastKnownFileType = sourcecode.swift; path = AppDelegate.swift; sourceTree = "<group>"; };
		91AD923E24A4C42D00925D4D /* NotificationController.swift */ = {isa = PBXFileReference; lastKnownFileType = sourcecode.swift; path = NotificationController.swift; sourceTree = "<group>"; };
		91AD924024A4C42D00925D4D /* NotificationView.swift */ = {isa = PBXFileReference; lastKnownFileType = sourcecode.swift; path = NotificationView.swift; sourceTree = "<group>"; };
		91AD924224A4C42E00925D4D /* Assets.xcassets */ = {isa = PBXFileReference; lastKnownFileType = folder.assetcatalog; path = Assets.xcassets; sourceTree = "<group>"; };
		91AD924524A4C42E00925D4D /* Preview Assets.xcassets */ = {isa = PBXFileReference; lastKnownFileType = folder.assetcatalog; path = "Preview Assets.xcassets"; sourceTree = "<group>"; };
		91AD924724A4C42E00925D4D /* Info.plist */ = {isa = PBXFileReference; lastKnownFileType = text.plist.xml; path = Info.plist; sourceTree = "<group>"; };
		91AD924824A4C42E00925D4D /* PushNotificationPayload.apns */ = {isa = PBXFileReference; lastKnownFileType = text; path = PushNotificationPayload.apns; sourceTree = "<group>"; };
		E72B2C06226939E3009A9438 /* OCKSample.app */ = {isa = PBXFileReference; explicitFileType = wrapper.application; includeInIndex = 0; path = OCKSample.app; sourceTree = BUILT_PRODUCTS_DIR; };
		E72B2C09226939E3009A9438 /* AppDelegate.swift */ = {isa = PBXFileReference; lastKnownFileType = sourcecode.swift; path = AppDelegate.swift; sourceTree = "<group>"; };
		E72B2C13226939E4009A9438 /* Base */ = {isa = PBXFileReference; lastKnownFileType = file.storyboard; name = Base; path = Base.lproj/LaunchScreen.storyboard; sourceTree = "<group>"; };
		E72B2C15226939E4009A9438 /* Info.plist */ = {isa = PBXFileReference; lastKnownFileType = text.plist.xml; path = Info.plist; sourceTree = "<group>"; };
		E7440E4E229477F7007AD30A /* CareViewController.swift */ = {isa = PBXFileReference; fileEncoding = 4; lastKnownFileType = sourcecode.swift; path = CareViewController.swift; sourceTree = "<group>"; };
		E7C37848228F887800E982D8 /* TipView.swift */ = {isa = PBXFileReference; lastKnownFileType = sourcecode.swift; path = TipView.swift; sourceTree = "<group>"; };
		E7C4CA0A22809AD500ECC3D7 /* Assets.xcassets */ = {isa = PBXFileReference; lastKnownFileType = folder.assetcatalog; path = Assets.xcassets; sourceTree = "<group>"; };
/* End PBXFileReference section */

/* Begin PBXFrameworksBuildPhase section */
		51431FA123D166AE006A7CFD /* Frameworks */ = {
			isa = PBXFrameworksBuildPhase;
			buildActionMask = 2147483647;
			files = (
				70202EC12807333900CF73FB /* CareKit in Frameworks */,
				918FDEAF271B3F8F0045A0EF /* ParseCareKit in Frameworks */,
				70202EC52807333A00CF73FB /* CareKitUI in Frameworks */,
				708542F9276687F90029E888 /* HealthKit.framework in Frameworks */,
				70202EC32807333900CF73FB /* CareKitFHIR in Frameworks */,
			);
			runOnlyForDeploymentPostprocessing = 0;
		};
		8E2FA4969104CA618976C1EC /* Frameworks */ = {
			isa = PBXFrameworksBuildPhase;
			buildActionMask = 2147483647;
			files = (
				918FDEB1271B3F9B0045A0EF /* ParseCareKit in Frameworks */,
				70202EC7280733BC00CF73FB /* CareKit in Frameworks */,
			);
			runOnlyForDeploymentPostprocessing = 0;
		};
		A6114C4D70D4BD989D400083 /* Frameworks */ = {
			isa = PBXFrameworksBuildPhase;
			buildActionMask = 2147483647;
			files = (
			);
			runOnlyForDeploymentPostprocessing = 0;
		};
/* End PBXFrameworksBuildPhase section */

/* Begin PBXGroup section */
		51431F9723D166AE006A7CFD /* Frameworks */ = {
			isa = PBXGroup;
			children = (
				51F6343923D2877B00FE576E /* HealthKit.framework */,
			);
			name = Frameworks;
			sourceTree = "<group>";
		};
		5173CB8823C3A846007655A0 /* OCKSampleUITests */ = {
			isa = PBXGroup;
			children = (
				5173CB8923C3A846007655A0 /* OCKSampleUITests.swift */,
				5173CB8B23C3A846007655A0 /* Info.plist */,
			);
			path = OCKSampleUITests;
			sourceTree = "<group>";
		};
		70221F2B28D7C7C600971195 /* CustomCards */ = {
			isa = PBXGroup;
			children = (
				E7C37848228F887800E982D8 /* TipView.swift */,
			);
			path = CustomCards;
			sourceTree = "<group>";
		};
		70221F2C28D7CD7400971195 /* Extensions */ = {
			isa = PBXGroup;
			children = (
				70221F2D28D7CD9200971195 /* AppDelegate+ParseRemoteDelegate.swift */,
			);
			path = Extensions;
			sourceTree = "<group>";
		};
		70221F3A28D8C2BF00971195 /* Notifications */ = {
			isa = PBXGroup;
			children = (
				91AD924824A4C42E00925D4D /* PushNotificationPayload.apns */,
				91AD923E24A4C42D00925D4D /* NotificationController.swift */,
				91AD924024A4C42D00925D4D /* NotificationView.swift */,
			);
			path = Notifications;
			sourceTree = "<group>";
		};
		703088772582727500FFABB6 /* Main */ = {
			isa = PBXGroup;
			children = (
				70221F2728D7809800971195 /* MainTabView.swift */,
				7036E4D2256EBE35006E9A3C /* MainView.swift */,
				70308878258272CD00FFABB6 /* Care */,
				7030887D258272F400FFABB6 /* Contact */,
				7030887E2582731300FFABB6 /* Login */,
				7030887C258272E700FFABB6 /* Profile */,
				91693819271B64CB00A634ED /* Stylers */,
			);
			path = Main;
			sourceTree = "<group>";
		};
		70308878258272CD00FFABB6 /* Care */ = {
			isa = PBXGroup;
			children = (
				7036E4C3256E0A48006E9A3C /* CareView.swift */,
				E7440E4E229477F7007AD30A /* CareViewController.swift */,
				70221F2B28D7C7C600971195 /* CustomCards */,
			);
			path = Care;
			sourceTree = "<group>";
		};
		7030887C258272E700FFABB6 /* Profile */ = {
			isa = PBXGroup;
			children = (
				7036E4C8256E1A6F006E9A3C /* ProfileView.swift */,
				7036E516256F2413006E9A3C /* ProfileViewModel.swift */,
			);
			path = Profile;
			sourceTree = "<group>";
		};
		7030887D258272F400FFABB6 /* Contact */ = {
			isa = PBXGroup;
			children = (
				7036E4CD256E9A0C006E9A3C /* ContactView.swift */,
			);
			path = Contact;
			sourceTree = "<group>";
		};
		7030887E2582731300FFABB6 /* Login */ = {
			isa = PBXGroup;
			children = (
				70BD2B1E254B44DB0030B424 /* LoginView.swift */,
				7036E4BE256DA089006E9A3C /* LoginViewModel.swift */,
			);
			path = Login;
			sourceTree = "<group>";
		};
		7075151B28DE1A5B00A57A0C /* Main */ = {
			isa = PBXGroup;
			children = (
				7075151C28DE1A7400A57A0C /* MainView.swift */,
				70A98D64278A2722009B58F2 /* Care */,
				70A98D65278A273E009B58F2 /* Login */,
			);
			path = Main;
			sourceTree = "<group>";
		};
		707CC70E254DA91900116728 /* Localization */ = {
			isa = PBXGroup;
			children = (
				707CC70F254DA91900116728 /* Localizable.strings */,
				707CC711254DA91900116728 /* Localizable.stringsdict */,
				707CC713254DA91900116728 /* OCKLocalization.swift */,
			);
			path = Localization;
			sourceTree = "<group>";
		};
		70A98D64278A2722009B58F2 /* Care */ = {
			isa = PBXGroup;
			children = (
				91AD923A24A4C42D00925D4D /* CareView.swift */,
				70F03A902786073300E5AFB4 /* CareViewModel.swift */,
			);
			path = Care;
			sourceTree = "<group>";
		};
		70A98D65278A273E009B58F2 /* Login */ = {
			isa = PBXGroup;
			children = (
				7075151F28DE1BB400A57A0C /* LoginView.swift */,
				70308885258273D400FFABB6 /* LoginViewModel.swift */,
			);
			path = Login;
			sourceTree = "<group>";
		};
		70F921AA27CABDE900368CEC /* WatchConnectivity */ = {
			isa = PBXGroup;
			children = (
				70F921AF27CABED600368CEC /* LocalSyncSessionDelegate.swift */,
				70F921AD27CABE7700368CEC /* RemoteSessionDelegate.swift */,
				70F921AB27CABE3000368CEC /* SessionDelegate.swift */,
			);
			path = WatchConnectivity;
			sourceTree = "<group>";
		};
		71A79C8A2294FBA1002B96D3 /* Supporting Files */ = {
			isa = PBXGroup;
			children = (
				E72B2C15226939E4009A9438 /* Info.plist */,
				91AD922124A45A3900925D4D /* ParseCareKit.plist */,
				E7C4CA0A22809AD500ECC3D7 /* Assets.xcassets */,
				E72B2C12226939E4009A9438 /* LaunchScreen.storyboard */,
				707CC70E254DA91900116728 /* Localization */,
			);
			path = "Supporting Files";
			sourceTree = "<group>";
		};
		91693819271B64CB00A634ED /* Stylers */ = {
			isa = PBXGroup;
			children = (
				9169381C271B650700A634ED /* ColorStyler.swift */,
				9169381A271B64E100A634ED /* Styler.swift */,
			);
			path = Stylers;
			sourceTree = "<group>";
		};
		918FDEB3271B402F0045A0EF /* Models */ = {
			isa = PBXGroup;
			children = (
				918FDEB4271B40590045A0EF /* Installation.swift */,
				70077596252228E900EC0EDA /* User.swift */,
			);
			path = Models;
			sourceTree = "<group>";
		};
		918FDEBA271B4DF60045A0EF /* Extensions */ = {
			isa = PBXGroup;
			children = (
				70221F2928D7BE0600971195 /* AppDelegate+ParseRemoteDelegate.swift */,
				70221F3328D8ABBE00971195 /* AppDelegate+UIApplicationDelegate.swift */,
				918FDEBB271B4E4A0045A0EF /* Calendar+Dates.swift */,
				918FDEB6271B41FF0045A0EF /* Logger.swift */,
				70F03A922786087800E5AFB4 /* OCKAnyEvent+CustomStringConvertable.swift */,
				70F03A942786093B00E5AFB4 /* OCKHealthKitPassthroughStore.swift */,
				70F03AA027860AB700E5AFB4 /* OCKOutcome.swift */,
				70F03A9E27860A8800E5AFB4 /* OCKOutcomeValue+Identifiable.swift */,
				70F03AA227860AFF00E5AFB4 /* OCKPatient+Parse.swift */,
				70F03A962786098F00E5AFB4 /* OCKStore.swift */,
				70F03A9827860A0800E5AFB4 /* OCKSynchronizedStoreManager+Publishers.swift */,
				7083A855279CA40A00B3832E /* PCKUtility.swift */,
			);
			path = Extensions;
			sourceTree = "<group>";
		};
		918FDEC1271B4E710045A0EF /* Environment */ = {
			isa = PBXGroup;
			children = (
				70F0EFE928C2EE6C0005B5A2 /* AppDelegateKey.swift */,
				70F921A727CA9A3A00368CEC /* CustomStylerKey.swift */,
				70F03AA727860E7700E5AFB4 /* FontColorKey.swift */,
				918FDEC4271B4EA70045A0EF /* StoreManagerKey.swift */,
				918FDEC2271B4E950045A0EF /* TintColorKey.swift */,
				70CF66E328E1E74C00FAE977 /* TintColorFlipKey.swift */,
			);
			path = Environment;
			sourceTree = "<group>";
		};
		91AD922824A4C42B00925D4D /* OCKWatchSample */ = {
			isa = PBXGroup;
			children = (
				91AD922C24A4C42D00925D4D /* Assets.xcassets */,
				91AD922E24A4C42D00925D4D /* Info.plist */,
			);
			path = OCKWatchSample;
			sourceTree = "<group>";
		};
		91AD923724A4C42D00925D4D /* OCKWatchSample Extension */ = {
			isa = PBXGroup;
			children = (
				705B22BE25E2C1A700C472AC /* OCKWatchSample Extension.entitlements */,
				91AD924724A4C42E00925D4D /* Info.plist */,
				91AD923C24A4C42D00925D4D /* AppDelegate.swift */,
				91AD923824A4C42D00925D4D /* OCKWatchSampleApp.swift */,
				7075151B28DE1A5B00A57A0C /* Main */,
				91AD924224A4C42E00925D4D /* Assets.xcassets */,
				70221F2C28D7CD7400971195 /* Extensions */,
				70221F3A28D8C2BF00971195 /* Notifications */,
				91AD924424A4C42E00925D4D /* Preview Content */,
			);
			path = "OCKWatchSample Extension";
			sourceTree = "<group>";
		};
		91AD924424A4C42E00925D4D /* Preview Content */ = {
			isa = PBXGroup;
			children = (
				91AD924524A4C42E00925D4D /* Preview Assets.xcassets */,
			);
			path = "Preview Content";
			sourceTree = "<group>";
		};
		E72B2BFD226939E3009A9438 = {
			isa = PBXGroup;
			children = (
				9169381F271B80EA00A634ED /* CONTRIBUTING.md */,
				91AD922324A461D200925D4D /* README.md */,
				0520468223C3C1F2004F0F36 /* OCKSample.xctestplan */,
				51431F9723D166AE006A7CFD /* Frameworks */,
				E72B2C08226939E3009A9438 /* OCKSample */,
				5173CB8823C3A846007655A0 /* OCKSampleUITests */,
				91AD922824A4C42B00925D4D /* OCKWatchSample */,
				91AD923724A4C42D00925D4D /* OCKWatchSample Extension */,
				E72B2C07226939E3009A9438 /* Products */,
			);
			sourceTree = "<group>";
		};
		E72B2C07226939E3009A9438 /* Products */ = {
			isa = PBXGroup;
			children = (
				E72B2C06226939E3009A9438 /* OCKSample.app */,
				5173CB8723C3A846007655A0 /* OCKSampleUITests.xctest */,
				91AD922724A4C42B00925D4D /* OCKWatchSample.app */,
			);
			name = Products;
			sourceTree = "<group>";
		};
		E72B2C08226939E3009A9438 /* OCKSample */ = {
			isa = PBXGroup;
			children = (
				03580E3E23CFA2E400A57818 /* OCKSample.entitlements */,
				E72B2C09226939E3009A9438 /* AppDelegate.swift */,
				7036E63F25717F85006E9A3C /* Constants.swift */,
				70F0EFE728C2EC050005B5A2 /* OCKSampleApp.swift */,
				91693821271B897200A634ED /* Utility.swift */,
				918FDEC1271B4E710045A0EF /* Environment */,
				918FDEBA271B4DF60045A0EF /* Extensions */,
				703088772582727500FFABB6 /* Main */,
				918FDEB3271B402F0045A0EF /* Models */,
				71A79C8A2294FBA1002B96D3 /* Supporting Files */,
				70F921AA27CABDE900368CEC /* WatchConnectivity */,
			);
			path = OCKSample;
			sourceTree = "<group>";
		};
/* End PBXGroup section */

/* Begin PBXNativeTarget section */
		5173CB8623C3A846007655A0 /* OCKSampleUITests */ = {
			isa = PBXNativeTarget;
			buildConfigurationList = 5173CB9723C3A846007655A0 /* Build configuration list for PBXNativeTarget "OCKSampleUITests" */;
			buildPhases = (
				5173CB8323C3A846007655A0 /* Sources */,
				5173CB8523C3A846007655A0 /* Resources */,
				A6114C4D70D4BD989D400083 /* Frameworks */,
			);
			buildRules = (
			);
			dependencies = (
				5173CB8D23C3A846007655A0 /* PBXTargetDependency */,
			);
			name = OCKSampleUITests;
			productName = OCKSampleUITests;
			productReference = 5173CB8723C3A846007655A0 /* OCKSampleUITests.xctest */;
			productType = "com.apple.product-type.bundle.ui-testing";
		};
		91AD922624A4C42B00925D4D /* OCKWatchSample */ = {
			isa = PBXNativeTarget;
			buildConfigurationList = 91AD925324A4C42E00925D4D /* Build configuration list for PBXNativeTarget "OCKWatchSample" */;
			buildPhases = (
				91AD922524A4C42B00925D4D /* Resources */,
				8E2FA4969104CA618976C1EC /* Frameworks */,
				91AD922F24A4C42D00925D4D /* Sources */,
			);
			buildRules = (
			);
			dependencies = (
			);
			name = OCKWatchSample;
			productName = OCKWatchSample;
			productReference = 91AD922724A4C42B00925D4D /* OCKWatchSample.app */;
			productType = "com.apple.product-type.application";
		};
		E72B2C05226939E3009A9438 /* OCKSample */ = {
			isa = PBXNativeTarget;
			buildConfigurationList = E72B2C18226939E4009A9438 /* Build configuration list for PBXNativeTarget "OCKSample" */;
			buildPhases = (
				E72B2C02226939E3009A9438 /* Sources */,
				E72B2C04226939E3009A9438 /* Resources */,
				51431FA123D166AE006A7CFD /* Frameworks */,
				51431FA223D166AE006A7CFD /* Embed Frameworks */,
				91AD924C24A4C42E00925D4D /* Embed Watch Content */,
				9169381E271B6E2100A634ED /* SwiftLint */,
			);
			buildRules = (
			);
			dependencies = (
				91AD924A24A4C42E00925D4D /* PBXTargetDependency */,
			);
			name = OCKSample;
			packageProductDependencies = (
				918FDEAE271B3F8F0045A0EF /* ParseCareKit */,
				70202EC02807333900CF73FB /* CareKit */,
				70202EC22807333900CF73FB /* CareKitFHIR */,
				70202EC42807333A00CF73FB /* CareKitUI */,
			);
			productName = CareKitDemoApp;
			productReference = E72B2C06226939E3009A9438 /* OCKSample.app */;
			productType = "com.apple.product-type.application";
		};
/* End PBXNativeTarget section */

/* Begin PBXProject section */
		E72B2BFE226939E3009A9438 /* Project object */ = {
			isa = PBXProject;
			attributes = {
				LastSwiftUpdateCheck = 1200;
				LastUpgradeCheck = 1400;
				ORGANIZATIONNAME = "Network Reconnaissance Lab";
				TargetAttributes = {
					5173CB8623C3A846007655A0 = {
						CreatedOnToolsVersion = 11.1;
						TestTargetID = E72B2C05226939E3009A9438;
					};
					91AD922624A4C42B00925D4D = {
						CreatedOnToolsVersion = 12.0;
						LastSwiftMigration = 1320;
					};
					E72B2C05226939E3009A9438 = {
						CreatedOnToolsVersion = 10.2;
					};
				};
			};
			buildConfigurationList = E72B2C01226939E3009A9438 /* Build configuration list for PBXProject "OCKSample" */;
			compatibilityVersion = "Xcode 9.3";
			developmentRegion = en;
			hasScannedForEncodings = 0;
			knownRegions = (
				en,
				Base,
			);
			mainGroup = E72B2BFD226939E3009A9438;
			packageReferences = (
				918FDEAD271B3F8F0045A0EF /* XCRemoteSwiftPackageReference "ParseCareKit" */,
				70202EBF2807333900CF73FB /* XCRemoteSwiftPackageReference "CareKit" */,
			);
			productRefGroup = E72B2C07226939E3009A9438 /* Products */;
			projectDirPath = "";
			projectRoot = "";
			targets = (
				E72B2C05226939E3009A9438 /* OCKSample */,
				5173CB8623C3A846007655A0 /* OCKSampleUITests */,
				91AD922624A4C42B00925D4D /* OCKWatchSample */,
			);
		};
/* End PBXProject section */

/* Begin PBXResourcesBuildPhase section */
		5173CB8523C3A846007655A0 /* Resources */ = {
			isa = PBXResourcesBuildPhase;
			buildActionMask = 2147483647;
			files = (
			);
			runOnlyForDeploymentPostprocessing = 0;
		};
		91AD922524A4C42B00925D4D /* Resources */ = {
			isa = PBXResourcesBuildPhase;
			buildActionMask = 2147483647;
			files = (
				707CC715254DA91900116728 /* Localizable.strings in Resources */,
				91AD924624A4C42E00925D4D /* Preview Assets.xcassets in Resources */,
				91AD922D24A4C42D00925D4D /* Assets.xcassets in Resources */,
				70F03AB42788C76700E5AFB4 /* ParseCareKit.plist in Resources */,
				91AD924324A4C42E00925D4D /* Assets.xcassets in Resources */,
				707CC717254DA91900116728 /* Localizable.stringsdict in Resources */,
			);
			runOnlyForDeploymentPostprocessing = 0;
		};
		E72B2C04226939E3009A9438 /* Resources */ = {
			isa = PBXResourcesBuildPhase;
			buildActionMask = 2147483647;
			files = (
				707CC714254DA91900116728 /* Localizable.strings in Resources */,
				E7C4CA0B22809AD500ECC3D7 /* Assets.xcassets in Resources */,
				91AD922224A45A3900925D4D /* ParseCareKit.plist in Resources */,
				91AD922424A461D200925D4D /* README.md in Resources */,
				91693820271B80EA00A634ED /* CONTRIBUTING.md in Resources */,
				E72B2C14226939E4009A9438 /* LaunchScreen.storyboard in Resources */,
				707CC716254DA91900116728 /* Localizable.stringsdict in Resources */,
			);
			runOnlyForDeploymentPostprocessing = 0;
		};
/* End PBXResourcesBuildPhase section */

/* Begin PBXShellScriptBuildPhase section */
		9169381E271B6E2100A634ED /* SwiftLint */ = {
			isa = PBXShellScriptBuildPhase;
			alwaysOutOfDate = 1;
			buildActionMask = 2147483647;
			files = (
			);
			inputFileListPaths = (
			);
			inputPaths = (
			);
			name = SwiftLint;
			outputFileListPaths = (
			);
			outputPaths = (
			);
			runOnlyForDeploymentPostprocessing = 0;
			shellPath = /bin/sh;
			shellScript = "if test -d \"/opt/homebrew/bin/\"; then\n  PATH=\"/opt/homebrew/bin/:${PATH}\"\nfi\n\nexport PATH\n\nif which swiftlint >/dev/null; then\n    swiftlint --fix && swiftlint --strict\nelse\n    echo \"warning: SwiftLint not installed, download from https://github.com/realm/SwiftLint\"\nfi\n";
		};
/* End PBXShellScriptBuildPhase section */

/* Begin PBXSourcesBuildPhase section */
		5173CB8323C3A846007655A0 /* Sources */ = {
			isa = PBXSourcesBuildPhase;
			buildActionMask = 2147483647;
			files = (
				5173CB8A23C3A846007655A0 /* OCKSampleUITests.swift in Sources */,
			);
			runOnlyForDeploymentPostprocessing = 0;
		};
		91AD922F24A4C42D00925D4D /* Sources */ = {
			isa = PBXSourcesBuildPhase;
			buildActionMask = 2147483647;
			files = (
				70F921B327CAC16E00368CEC /* LocalSyncSessionDelegate.swift in Sources */,
				70221F3928D8C10800971195 /* StoreManagerKey.swift in Sources */,
				70A98D63278A268B009B58F2 /* ColorStyler.swift in Sources */,
				918FDEB8271B49060045A0EF /* Logger.swift in Sources */,
				91AD923B24A4C42D00925D4D /* CareView.swift in Sources */,
				70F03AA427860B2500E5AFB4 /* OCKOutcome.swift in Sources */,
				70F921A927CA9A4000368CEC /* CustomStylerKey.swift in Sources */,
				7075151E28DE1A8300A57A0C /* MainView.swift in Sources */,
				70A98D62278A2683009B58F2 /* Styler.swift in Sources */,
				91693818271B5E1600A634ED /* Constants.swift in Sources */,
				7075152028DE1BB400A57A0C /* LoginView.swift in Sources */,
				70F921B227CAC16E00368CEC /* RemoteSessionDelegate.swift in Sources */,
				70221F2F28D7CDE400971195 /* AppDelegate+ParseRemoteDelegate.swift in Sources */,
				7083A857279CA40F00B3832E /* PCKUtility.swift in Sources */,
				91AD923924A4C42D00925D4D /* OCKWatchSampleApp.swift in Sources */,
				70F03AA627860B2500E5AFB4 /* OCKPatient+Parse.swift in Sources */,
				70221F3828D8C0CB00971195 /* AppDelegateKey.swift in Sources */,
				9103AA5227B8C913002C921E /* FontColorKey.swift in Sources */,
				707CC719254DA91900116728 /* OCKLocalization.swift in Sources */,
				7007759B252229C900EC0EDA /* User.swift in Sources */,
				70F03A9B27860A2000E5AFB4 /* OCKAnyEvent+CustomStringConvertable.swift in Sources */,
				70F03A912786073300E5AFB4 /* CareViewModel.swift in Sources */,
				70A98D68278A2DF1009B58F2 /* TintColorKey.swift in Sources */,
				918FDEB9271B493A0045A0EF /* Installation.swift in Sources */,
				70F03A9D27860A5600E5AFB4 /* OCKSynchronizedStoreManager+Publishers.swift in Sources */,
				70F03AA527860B2500E5AFB4 /* OCKOutcomeValue+Identifiable.swift in Sources */,
				91AD923F24A4C42D00925D4D /* NotificationController.swift in Sources */,
				70CF66E528E1E74C00FAE977 /* TintColorFlipKey.swift in Sources */,
				70F03A9C27860A2000E5AFB4 /* OCKStore.swift in Sources */,
				70C0D474279BA492003DA141 /* Utility.swift in Sources */,
				91AD923D24A4C42D00925D4D /* AppDelegate.swift in Sources */,
				91AD924124A4C42D00925D4D /* NotificationView.swift in Sources */,
				70308886258273D400FFABB6 /* LoginViewModel.swift in Sources */,
				70F921B127CAC16E00368CEC /* SessionDelegate.swift in Sources */,
			);
			runOnlyForDeploymentPostprocessing = 0;
		};
		E72B2C02226939E3009A9438 /* Sources */ = {
			isa = PBXSourcesBuildPhase;
			buildActionMask = 2147483647;
			files = (
				E7440E4F229477F7007AD30A /* CareViewController.swift in Sources */,
				918FDEB5271B40590045A0EF /* Installation.swift in Sources */,
				70F921AC27CABE3000368CEC /* SessionDelegate.swift in Sources */,
				70F0EFEA28C2EE6C0005B5A2 /* AppDelegateKey.swift in Sources */,
				7036E64025717F85006E9A3C /* Constants.swift in Sources */,
				918FDEBC271B4E4A0045A0EF /* Calendar+Dates.swift in Sources */,
				70F03AA127860AB700E5AFB4 /* OCKOutcome.swift in Sources */,
				7036E4CE256E9A0C006E9A3C /* ContactView.swift in Sources */,
				70F03A972786098F00E5AFB4 /* OCKStore.swift in Sources */,
				70DFD80B2567074500B9DB12 /* LoginView.swift in Sources */,
				70F03AA827860E7700E5AFB4 /* FontColorKey.swift in Sources */,
				9169381B271B64E100A634ED /* Styler.swift in Sources */,
				70F921A827CA9A3A00368CEC /* CustomStylerKey.swift in Sources */,
				70221F3428D8ABBE00971195 /* AppDelegate+UIApplicationDelegate.swift in Sources */,
				9169381D271B650700A634ED /* ColorStyler.swift in Sources */,
				E72B2C0A226939E3009A9438 /* AppDelegate.swift in Sources */,
				7036E4C4256E0A48006E9A3C /* CareView.swift in Sources */,
				70F921B027CABED600368CEC /* LocalSyncSessionDelegate.swift in Sources */,
				70F03A932786087800E5AFB4 /* OCKAnyEvent+CustomStringConvertable.swift in Sources */,
				70221F2828D7809800971195 /* MainTabView.swift in Sources */,
				918FDEC3271B4E950045A0EF /* TintColorKey.swift in Sources */,
				70CF66E428E1E74C00FAE977 /* TintColorFlipKey.swift in Sources */,
				70F03AA327860AFF00E5AFB4 /* OCKPatient+Parse.swift in Sources */,
				70F0EFE828C2EC050005B5A2 /* OCKSampleApp.swift in Sources */,
				918FDEB7271B41FF0045A0EF /* Logger.swift in Sources */,
				70F03A9F27860A8800E5AFB4 /* OCKOutcomeValue+Identifiable.swift in Sources */,
				70221F2A28D7BE0600971195 /* AppDelegate+ParseRemoteDelegate.swift in Sources */,
				7036E4D3256EBE35006E9A3C /* MainView.swift in Sources */,
				918FDEC5271B4EA70045A0EF /* StoreManagerKey.swift in Sources */,
				91693822271B897200A634ED /* Utility.swift in Sources */,
				707CC718254DA91900116728 /* OCKLocalization.swift in Sources */,
				E7C37849228F887800E982D8 /* TipView.swift in Sources */,
				70077597252228E900EC0EDA /* User.swift in Sources */,
				70F03A9927860A0800E5AFB4 /* OCKSynchronizedStoreManager+Publishers.swift in Sources */,
				7036E4C9256E1A6F006E9A3C /* ProfileView.swift in Sources */,
				7083A856279CA40A00B3832E /* PCKUtility.swift in Sources */,
				70F921AE27CABE7700368CEC /* RemoteSessionDelegate.swift in Sources */,
				70F03A952786093B00E5AFB4 /* OCKHealthKitPassthroughStore.swift in Sources */,
				7036E4BF256DA089006E9A3C /* LoginViewModel.swift in Sources */,
				7036E517256F2413006E9A3C /* ProfileViewModel.swift in Sources */,
			);
			runOnlyForDeploymentPostprocessing = 0;
		};
/* End PBXSourcesBuildPhase section */

/* Begin PBXTargetDependency section */
		5173CB8D23C3A846007655A0 /* PBXTargetDependency */ = {
			isa = PBXTargetDependency;
			target = E72B2C05226939E3009A9438 /* OCKSample */;
			targetProxy = 5173CB8C23C3A846007655A0 /* PBXContainerItemProxy */;
		};
		91AD924A24A4C42E00925D4D /* PBXTargetDependency */ = {
			isa = PBXTargetDependency;
			target = 91AD922624A4C42B00925D4D /* OCKWatchSample */;
			targetProxy = 91AD924924A4C42E00925D4D /* PBXContainerItemProxy */;
		};
/* End PBXTargetDependency section */

/* Begin PBXVariantGroup section */
		707CC70F254DA91900116728 /* Localizable.strings */ = {
			isa = PBXVariantGroup;
			children = (
				707CC710254DA91900116728 /* en */,
			);
			name = Localizable.strings;
			sourceTree = "<group>";
		};
		707CC711254DA91900116728 /* Localizable.stringsdict */ = {
			isa = PBXVariantGroup;
			children = (
				707CC712254DA91900116728 /* en */,
			);
			name = Localizable.stringsdict;
			sourceTree = "<group>";
		};
		E72B2C12226939E4009A9438 /* LaunchScreen.storyboard */ = {
			isa = PBXVariantGroup;
			children = (
				E72B2C13226939E4009A9438 /* Base */,
			);
			name = LaunchScreen.storyboard;
			sourceTree = "<group>";
		};
/* End PBXVariantGroup section */

/* Begin XCBuildConfiguration section */
		052F8B2F235778A200E45940 /* Release */ = {
			isa = XCBuildConfiguration;
			buildSettings = {
				ALWAYS_SEARCH_USER_PATHS = NO;
				CLANG_ANALYZER_LOCALIZABILITY_NONLOCALIZED = YES;
				CLANG_ANALYZER_NONNULL = YES;
				CLANG_ANALYZER_NUMBER_OBJECT_CONVERSION = YES_AGGRESSIVE;
				CLANG_CXX_LANGUAGE_STANDARD = "gnu++14";
				CLANG_CXX_LIBRARY = "libc++";
				CLANG_ENABLE_MODULES = YES;
				CLANG_ENABLE_OBJC_ARC = YES;
				CLANG_ENABLE_OBJC_WEAK = YES;
				CLANG_WARN_BLOCK_CAPTURE_AUTORELEASING = YES;
				CLANG_WARN_BOOL_CONVERSION = YES;
				CLANG_WARN_COMMA = YES;
				CLANG_WARN_CONSTANT_CONVERSION = YES;
				CLANG_WARN_DEPRECATED_OBJC_IMPLEMENTATIONS = YES;
				CLANG_WARN_DIRECT_OBJC_ISA_USAGE = YES_ERROR;
				CLANG_WARN_DOCUMENTATION_COMMENTS = YES;
				CLANG_WARN_EMPTY_BODY = YES;
				CLANG_WARN_ENUM_CONVERSION = YES;
				CLANG_WARN_INFINITE_RECURSION = YES;
				CLANG_WARN_INT_CONVERSION = YES;
				CLANG_WARN_NON_LITERAL_NULL_CONVERSION = YES;
				CLANG_WARN_OBJC_IMPLICIT_RETAIN_SELF = YES;
				CLANG_WARN_OBJC_LITERAL_CONVERSION = YES;
				CLANG_WARN_OBJC_ROOT_CLASS = YES_ERROR;
				CLANG_WARN_QUOTED_INCLUDE_IN_FRAMEWORK_HEADER = YES;
				CLANG_WARN_RANGE_LOOP_ANALYSIS = YES;
				CLANG_WARN_STRICT_PROTOTYPES = YES;
				CLANG_WARN_SUSPICIOUS_MOVE = YES;
				CLANG_WARN_UNGUARDED_AVAILABILITY = YES_AGGRESSIVE;
				CLANG_WARN_UNREACHABLE_CODE = YES;
				CLANG_WARN__DUPLICATE_METHOD_MATCH = YES;
				CODE_SIGN_IDENTITY = "iPhone Developer";
				COPY_PHASE_STRIP = NO;
				DEBUG_INFORMATION_FORMAT = "dwarf-with-dsym";
				ENABLE_NS_ASSERTIONS = NO;
				ENABLE_STRICT_OBJC_MSGSEND = YES;
				GCC_C_LANGUAGE_STANDARD = gnu11;
				GCC_NO_COMMON_BLOCKS = YES;
				GCC_WARN_64_TO_32_BIT_CONVERSION = YES;
				GCC_WARN_ABOUT_RETURN_TYPE = YES_ERROR;
				GCC_WARN_UNDECLARED_SELECTOR = YES;
				GCC_WARN_UNINITIALIZED_AUTOS = YES_AGGRESSIVE;
				GCC_WARN_UNUSED_FUNCTION = YES;
				GCC_WARN_UNUSED_VARIABLE = YES;
				IPHONEOS_DEPLOYMENT_TARGET = 16.0;
				MTL_ENABLE_DEBUG_INFO = NO;
				MTL_FAST_MATH = YES;
				SDKROOT = iphoneos;
				SWIFT_COMPILATION_MODE = wholemodule;
				SWIFT_OPTIMIZATION_LEVEL = "-O";
				SWIFT_TREAT_WARNINGS_AS_ERRORS = YES;
				SWIFT_VERSION = 5.0;
				VALIDATE_PRODUCT = YES;
			};
			name = Release;
		};
		052F8B30235778A200E45940 /* Release */ = {
			isa = XCBuildConfiguration;
			buildSettings = {
				ASSETCATALOG_COMPILER_APPICON_NAME = AppIcon;
				CODE_SIGN_ENTITLEMENTS = OCKSample/OCKSample.entitlements;
				CODE_SIGN_IDENTITY = "Apple Development";
				CODE_SIGN_STYLE = Automatic;
				CURRENT_PROJECT_VERSION = 1.0;
				DEVELOPMENT_TEAM = K26KDKYY38;
				ENABLE_BITCODE = NO;
				FRAMEWORK_SEARCH_PATHS = (
					"$(inherited)",
					"$(PROJECT_DIR)",
				);
				GCC_TREAT_WARNINGS_AS_ERRORS = NO;
				INFOPLIST_FILE = "$(SRCROOT)/OCKSample/Supporting Files/Info.plist";
				LD_RUNPATH_SEARCH_PATHS = (
					"$(inherited)",
					"@executable_path/Frameworks",
				);
				PRODUCT_BUNDLE_IDENTIFIER = edu.uky.netrecon.ParseCarekitSample;
				PRODUCT_NAME = "$(TARGET_NAME)";
				PROVISIONING_PROFILE_SPECIFIER = "";
				SWIFT_TREAT_WARNINGS_AS_ERRORS = NO;
				TARGETED_DEVICE_FAMILY = 1;
			};
			name = Release;
		};
		5173CB8E23C3A846007655A0 /* Debug */ = {
			isa = XCBuildConfiguration;
			buildSettings = {
				CODE_SIGN_STYLE = Automatic;
				DEBUG_INFORMATION_FORMAT = dwarf;
				INFOPLIST_FILE = OCKSampleUITests/Info.plist;
				IPHONEOS_DEPLOYMENT_TARGET = 15.0;
				LD_RUNPATH_SEARCH_PATHS = (
					"$(inherited)",
					"@executable_path/Frameworks",
					"@loader_path/Frameworks",
				);
				PRODUCT_BUNDLE_IDENTIFIER = Apple.OCKSampleUITests;
				PRODUCT_NAME = "$(TARGET_NAME)";
				SWIFT_VERSION = 5.0;
				TARGETED_DEVICE_FAMILY = "1,2";
				TEST_TARGET_NAME = OCKSample;
			};
			name = Debug;
		};
		5173CB9023C3A846007655A0 /* Release */ = {
			isa = XCBuildConfiguration;
			buildSettings = {
				ALWAYS_SEARCH_USER_PATHS = NO;
				CLANG_ANALYZER_NONNULL = YES;
				CLANG_ANALYZER_NUMBER_OBJECT_CONVERSION = YES_AGGRESSIVE;
				CLANG_CXX_LANGUAGE_STANDARD = "gnu++14";
				CLANG_CXX_LIBRARY = "libc++";
				CLANG_ENABLE_MODULES = YES;
				CLANG_ENABLE_OBJC_ARC = YES;
				CLANG_ENABLE_OBJC_WEAK = YES;
				CLANG_WARN_BLOCK_CAPTURE_AUTORELEASING = YES;
				CLANG_WARN_BOOL_CONVERSION = YES;
				CLANG_WARN_COMMA = YES;
				CLANG_WARN_CONSTANT_CONVERSION = YES;
				CLANG_WARN_DEPRECATED_OBJC_IMPLEMENTATIONS = YES;
				CLANG_WARN_DIRECT_OBJC_ISA_USAGE = YES_ERROR;
				CLANG_WARN_DOCUMENTATION_COMMENTS = YES;
				CLANG_WARN_EMPTY_BODY = YES;
				CLANG_WARN_ENUM_CONVERSION = YES;
				CLANG_WARN_INFINITE_RECURSION = YES;
				CLANG_WARN_INT_CONVERSION = YES;
				CLANG_WARN_NON_LITERAL_NULL_CONVERSION = YES;
				CLANG_WARN_OBJC_IMPLICIT_RETAIN_SELF = YES;
				CLANG_WARN_OBJC_LITERAL_CONVERSION = YES;
				CLANG_WARN_OBJC_ROOT_CLASS = YES_ERROR;
				CLANG_WARN_RANGE_LOOP_ANALYSIS = YES;
				CLANG_WARN_STRICT_PROTOTYPES = YES;
				CLANG_WARN_SUSPICIOUS_MOVE = YES;
				CLANG_WARN_UNGUARDED_AVAILABILITY = YES_AGGRESSIVE;
				CLANG_WARN_UNREACHABLE_CODE = YES;
				CLANG_WARN__DUPLICATE_METHOD_MATCH = YES;
				CODE_SIGN_STYLE = Automatic;
				COPY_PHASE_STRIP = NO;
				DEBUG_INFORMATION_FORMAT = "dwarf-with-dsym";
				ENABLE_NS_ASSERTIONS = NO;
				ENABLE_STRICT_OBJC_MSGSEND = YES;
				GCC_C_LANGUAGE_STANDARD = gnu11;
				GCC_NO_COMMON_BLOCKS = YES;
				GCC_WARN_64_TO_32_BIT_CONVERSION = YES;
				GCC_WARN_ABOUT_RETURN_TYPE = YES_ERROR;
				GCC_WARN_UNDECLARED_SELECTOR = YES;
				GCC_WARN_UNINITIALIZED_AUTOS = YES_AGGRESSIVE;
				GCC_WARN_UNUSED_FUNCTION = YES;
				GCC_WARN_UNUSED_VARIABLE = YES;
				INFOPLIST_FILE = OCKSampleUITests/Info.plist;
				IPHONEOS_DEPLOYMENT_TARGET = 15.0;
				LD_RUNPATH_SEARCH_PATHS = (
					"$(inherited)",
					"@executable_path/Frameworks",
					"@loader_path/Frameworks",
				);
				MTL_ENABLE_DEBUG_INFO = NO;
				MTL_FAST_MATH = YES;
				PRODUCT_BUNDLE_IDENTIFIER = Apple.OCKSampleUITests;
				PRODUCT_NAME = "$(TARGET_NAME)";
				SDKROOT = iphoneos;
				SWIFT_COMPILATION_MODE = wholemodule;
				SWIFT_OPTIMIZATION_LEVEL = "-O";
				SWIFT_VERSION = 5.0;
				TARGETED_DEVICE_FAMILY = "1,2";
				TEST_TARGET_NAME = OCKSample;
				VALIDATE_PRODUCT = YES;
			};
			name = Release;
		};
		91AD924D24A4C42E00925D4D /* Debug */ = {
			isa = XCBuildConfiguration;
			buildSettings = {
				ALWAYS_EMBED_SWIFT_STANDARD_LIBRARIES = YES;
				ASSETCATALOG_COMPILER_APPICON_NAME = AppIcon;
				ASSETCATALOG_COMPILER_COMPLICATION_NAME = Complication;
				ASSETCATALOG_COMPILER_GLOBAL_ACCENT_COLOR_NAME = AccentColor;
				CLANG_ENABLE_MODULES = YES;
				CODE_SIGN_ENTITLEMENTS = "OCKWatchSample Extension/OCKWatchSample Extension.entitlements";
				CODE_SIGN_IDENTITY = "Apple Development";
				CODE_SIGN_STYLE = Automatic;
				DEBUG_INFORMATION_FORMAT = dwarf;
				DEVELOPMENT_TEAM = K26KDKYY38;
				INFOPLIST_FILE = OCKWatchSample/Info.plist;
				LD_RUNPATH_SEARCH_PATHS = (
					"@executable_path/Frameworks",
					"@executable_path/../../Frameworks",
				);
				PRODUCT_BUNDLE_IDENTIFIER = edu.uky.netrecon.ParseCarekitSample.watchkitapp;
				PRODUCT_NAME = "$(TARGET_NAME)";
				SDKROOT = watchos;
				SKIP_INSTALL = YES;
				SWIFT_OPTIMIZATION_LEVEL = "-Onone";
				SWIFT_VERSION = 5.0;
				TARGETED_DEVICE_FAMILY = 4;
				WATCHOS_DEPLOYMENT_TARGET = 9.0;
			};
			name = Debug;
		};
		91AD924E24A4C42E00925D4D /* Release */ = {
			isa = XCBuildConfiguration;
			buildSettings = {
				ALWAYS_EMBED_SWIFT_STANDARD_LIBRARIES = YES;
				ASSETCATALOG_COMPILER_APPICON_NAME = AppIcon;
				ASSETCATALOG_COMPILER_COMPLICATION_NAME = Complication;
				ASSETCATALOG_COMPILER_GLOBAL_ACCENT_COLOR_NAME = AccentColor;
				CLANG_ENABLE_MODULES = YES;
				CODE_SIGN_ENTITLEMENTS = "OCKWatchSample Extension/OCKWatchSample Extension.entitlements";
				CODE_SIGN_IDENTITY = "Apple Development";
				CODE_SIGN_STYLE = Automatic;
				DEVELOPMENT_TEAM = K26KDKYY38;
				INFOPLIST_FILE = OCKWatchSample/Info.plist;
				LD_RUNPATH_SEARCH_PATHS = (
					"@executable_path/Frameworks",
					"@executable_path/../../Frameworks",
				);
				PRODUCT_BUNDLE_IDENTIFIER = edu.uky.netrecon.ParseCarekitSample.watchkitapp;
				PRODUCT_NAME = "$(TARGET_NAME)";
				SDKROOT = watchos;
				SKIP_INSTALL = YES;
				SWIFT_VERSION = 5.0;
				TARGETED_DEVICE_FAMILY = 4;
				WATCHOS_DEPLOYMENT_TARGET = 9.0;
			};
			name = Release;
		};
		E72B2C16226939E4009A9438 /* Debug */ = {
			isa = XCBuildConfiguration;
			buildSettings = {
				ALWAYS_SEARCH_USER_PATHS = NO;
				CLANG_ANALYZER_LOCALIZABILITY_NONLOCALIZED = YES;
				CLANG_ANALYZER_NONNULL = YES;
				CLANG_ANALYZER_NUMBER_OBJECT_CONVERSION = YES_AGGRESSIVE;
				CLANG_CXX_LANGUAGE_STANDARD = "gnu++14";
				CLANG_CXX_LIBRARY = "libc++";
				CLANG_ENABLE_MODULES = YES;
				CLANG_ENABLE_OBJC_ARC = YES;
				CLANG_ENABLE_OBJC_WEAK = YES;
				CLANG_WARN_BLOCK_CAPTURE_AUTORELEASING = YES;
				CLANG_WARN_BOOL_CONVERSION = YES;
				CLANG_WARN_COMMA = YES;
				CLANG_WARN_CONSTANT_CONVERSION = YES;
				CLANG_WARN_DEPRECATED_OBJC_IMPLEMENTATIONS = YES;
				CLANG_WARN_DIRECT_OBJC_ISA_USAGE = YES_ERROR;
				CLANG_WARN_DOCUMENTATION_COMMENTS = YES;
				CLANG_WARN_EMPTY_BODY = YES;
				CLANG_WARN_ENUM_CONVERSION = YES;
				CLANG_WARN_INFINITE_RECURSION = YES;
				CLANG_WARN_INT_CONVERSION = YES;
				CLANG_WARN_NON_LITERAL_NULL_CONVERSION = YES;
				CLANG_WARN_OBJC_IMPLICIT_RETAIN_SELF = YES;
				CLANG_WARN_OBJC_LITERAL_CONVERSION = YES;
				CLANG_WARN_OBJC_ROOT_CLASS = YES_ERROR;
				CLANG_WARN_QUOTED_INCLUDE_IN_FRAMEWORK_HEADER = YES;
				CLANG_WARN_RANGE_LOOP_ANALYSIS = YES;
				CLANG_WARN_STRICT_PROTOTYPES = YES;
				CLANG_WARN_SUSPICIOUS_MOVE = YES;
				CLANG_WARN_UNGUARDED_AVAILABILITY = YES_AGGRESSIVE;
				CLANG_WARN_UNREACHABLE_CODE = YES;
				CLANG_WARN__DUPLICATE_METHOD_MATCH = YES;
				CODE_SIGN_IDENTITY = "iPhone Developer";
				COPY_PHASE_STRIP = NO;
				DEBUG_INFORMATION_FORMAT = "dwarf-with-dsym";
				ENABLE_STRICT_OBJC_MSGSEND = YES;
				ENABLE_TESTABILITY = YES;
				GCC_C_LANGUAGE_STANDARD = gnu11;
				GCC_DYNAMIC_NO_PIC = NO;
				GCC_NO_COMMON_BLOCKS = YES;
				GCC_OPTIMIZATION_LEVEL = 0;
				GCC_PREPROCESSOR_DEFINITIONS = (
					"DEBUG=1",
					"$(inherited)",
				);
				GCC_WARN_64_TO_32_BIT_CONVERSION = YES;
				GCC_WARN_ABOUT_RETURN_TYPE = YES_ERROR;
				GCC_WARN_UNDECLARED_SELECTOR = YES;
				GCC_WARN_UNINITIALIZED_AUTOS = YES_AGGRESSIVE;
				GCC_WARN_UNUSED_FUNCTION = YES;
				GCC_WARN_UNUSED_VARIABLE = YES;
				IPHONEOS_DEPLOYMENT_TARGET = 16.0;
				MTL_ENABLE_DEBUG_INFO = INCLUDE_SOURCE;
				MTL_FAST_MATH = YES;
				ONLY_ACTIVE_ARCH = YES;
				SDKROOT = iphoneos;
				SWIFT_ACTIVE_COMPILATION_CONDITIONS = DEBUG;
				SWIFT_OPTIMIZATION_LEVEL = "-Onone";
				SWIFT_TREAT_WARNINGS_AS_ERRORS = YES;
				SWIFT_VERSION = 5.0;
			};
			name = Debug;
		};
		E72B2C19226939E4009A9438 /* Debug */ = {
			isa = XCBuildConfiguration;
			buildSettings = {
				ASSETCATALOG_COMPILER_APPICON_NAME = AppIcon;
				CODE_SIGN_ENTITLEMENTS = OCKSample/OCKSample.entitlements;
				CODE_SIGN_IDENTITY = "Apple Development";
				CODE_SIGN_STYLE = Automatic;
				CURRENT_PROJECT_VERSION = 1.0;
				DEVELOPMENT_TEAM = K26KDKYY38;
				ENABLE_BITCODE = NO;
				FRAMEWORK_SEARCH_PATHS = (
					"$(inherited)",
					"$(PROJECT_DIR)",
				);
				GCC_TREAT_WARNINGS_AS_ERRORS = NO;
				INFOPLIST_FILE = "$(SRCROOT)/OCKSample/Supporting Files/Info.plist";
				LD_RUNPATH_SEARCH_PATHS = (
					"$(inherited)",
					"@executable_path/Frameworks",
				);
				PRODUCT_BUNDLE_IDENTIFIER = edu.uky.netrecon.ParseCarekitSample;
				PRODUCT_NAME = "$(TARGET_NAME)";
				PROVISIONING_PROFILE_SPECIFIER = "";
				SWIFT_TREAT_WARNINGS_AS_ERRORS = NO;
				TARGETED_DEVICE_FAMILY = 1;
			};
			name = Debug;
		};
/* End XCBuildConfiguration section */

/* Begin XCConfigurationList section */
		5173CB9723C3A846007655A0 /* Build configuration list for PBXNativeTarget "OCKSampleUITests" */ = {
			isa = XCConfigurationList;
			buildConfigurations = (
				5173CB8E23C3A846007655A0 /* Debug */,
				5173CB9023C3A846007655A0 /* Release */,
			);
			defaultConfigurationIsVisible = 0;
			defaultConfigurationName = Debug;
		};
		91AD925324A4C42E00925D4D /* Build configuration list for PBXNativeTarget "OCKWatchSample" */ = {
			isa = XCConfigurationList;
			buildConfigurations = (
				91AD924D24A4C42E00925D4D /* Debug */,
				91AD924E24A4C42E00925D4D /* Release */,
			);
			defaultConfigurationIsVisible = 0;
			defaultConfigurationName = Debug;
		};
		E72B2C01226939E3009A9438 /* Build configuration list for PBXProject "OCKSample" */ = {
			isa = XCConfigurationList;
			buildConfigurations = (
				E72B2C16226939E4009A9438 /* Debug */,
				052F8B2F235778A200E45940 /* Release */,
			);
			defaultConfigurationIsVisible = 0;
			defaultConfigurationName = Debug;
		};
		E72B2C18226939E4009A9438 /* Build configuration list for PBXNativeTarget "OCKSample" */ = {
			isa = XCConfigurationList;
			buildConfigurations = (
				E72B2C19226939E4009A9438 /* Debug */,
				052F8B30235778A200E45940 /* Release */,
			);
			defaultConfigurationIsVisible = 0;
			defaultConfigurationName = Debug;
		};
/* End XCConfigurationList section */

/* Begin XCRemoteSwiftPackageReference section */
		70202EBF2807333900CF73FB /* XCRemoteSwiftPackageReference "CareKit" */ = {
			isa = XCRemoteSwiftPackageReference;
			repositoryURL = "https://github.com/cbaker6/CareKit.git";
			requirement = {
				kind = upToNextMajorVersion;
				minimumVersion = 2.1.1;
			};
		};
		918FDEAD271B3F8F0045A0EF /* XCRemoteSwiftPackageReference "ParseCareKit" */ = {
			isa = XCRemoteSwiftPackageReference;
			repositoryURL = "https://github.com/netreconlab/ParseCareKit.git";
			requirement = {
				kind = upToNextMajorVersion;
				minimumVersion = 0.10.0;
			};
		};
/* End XCRemoteSwiftPackageReference section */

/* Begin XCSwiftPackageProductDependency section */
		70202EC02807333900CF73FB /* CareKit */ = {
			isa = XCSwiftPackageProductDependency;
			package = 70202EBF2807333900CF73FB /* XCRemoteSwiftPackageReference "CareKit" */;
			productName = CareKit;
		};
		70202EC22807333900CF73FB /* CareKitFHIR */ = {
			isa = XCSwiftPackageProductDependency;
			package = 70202EBF2807333900CF73FB /* XCRemoteSwiftPackageReference "CareKit" */;
			productName = CareKitFHIR;
		};
		70202EC42807333A00CF73FB /* CareKitUI */ = {
			isa = XCSwiftPackageProductDependency;
			package = 70202EBF2807333900CF73FB /* XCRemoteSwiftPackageReference "CareKit" */;
			productName = CareKitUI;
		};
		70202EC6280733BC00CF73FB /* CareKit */ = {
			isa = XCSwiftPackageProductDependency;
			package = 70202EBF2807333900CF73FB /* XCRemoteSwiftPackageReference "CareKit" */;
			productName = CareKit;
		};
		918FDEAE271B3F8F0045A0EF /* ParseCareKit */ = {
			isa = XCSwiftPackageProductDependency;
			package = 918FDEAD271B3F8F0045A0EF /* XCRemoteSwiftPackageReference "ParseCareKit" */;
			productName = ParseCareKit;
		};
		918FDEB0271B3F9B0045A0EF /* ParseCareKit */ = {
			isa = XCSwiftPackageProductDependency;
			package = 918FDEAD271B3F8F0045A0EF /* XCRemoteSwiftPackageReference "ParseCareKit" */;
			productName = ParseCareKit;
		};
/* End XCSwiftPackageProductDependency section */
	};
	rootObject = E72B2BFE226939E3009A9438 /* Project object */;
}
